// !$*UTF8*$!
{
	archiveVersion = 1;
	classes = {
	};
	objectVersion = 46;
	objects = {

/* Begin PBXBuildFile section */
		F42401351A9D44100065B36B /* AppDelegate.swift in Sources */ = {isa = PBXBuildFile; fileRef = F42401341A9D44100065B36B /* AppDelegate.swift */; };
		F42401371A9D44100065B36B /* ViewController.swift in Sources */ = {isa = PBXBuildFile; fileRef = F42401361A9D44100065B36B /* ViewController.swift */; };
		F424013A1A9D44100065B36B /* Main.storyboard in Resources */ = {isa = PBXBuildFile; fileRef = F42401381A9D44100065B36B /* Main.storyboard */; };
		F424013C1A9D44100065B36B /* Images.xcassets in Resources */ = {isa = PBXBuildFile; fileRef = F424013B1A9D44100065B36B /* Images.xcassets */; };
		F424013F1A9D44100065B36B /* LaunchScreen.xib in Resources */ = {isa = PBXBuildFile; fileRef = F424013D1A9D44100065B36B /* LaunchScreen.xib */; };
		F424014B1A9D44100065B36B /* Lecture4Tests.swift in Sources */ = {isa = PBXBuildFile; fileRef = F424014A1A9D44100065B36B /* Lecture4Tests.swift */; };
		F42401B81A9D63F90065B36B /* 01.jpg in Resources */ = {isa = PBXBuildFile; fileRef = F42401551A9D63F90065B36B /* 01.jpg */; };
		F42401B91A9D63F90065B36B /* 02.jpg in Resources */ = {isa = PBXBuildFile; fileRef = F42401561A9D63F90065B36B /* 02.jpg */; };
		F42401BA1A9D63F90065B36B /* 03.jpg in Resources */ = {isa = PBXBuildFile; fileRef = F42401571A9D63F90065B36B /* 03.jpg */; };
		F42401BB1A9D63F90065B36B /* 04.jpg in Resources */ = {isa = PBXBuildFile; fileRef = F42401581A9D63F90065B36B /* 04.jpg */; };
		F42401BC1A9D63F90065B36B /* 05.jpg in Resources */ = {isa = PBXBuildFile; fileRef = F42401591A9D63F90065B36B /* 05.jpg */; };
		F42401BD1A9D63F90065B36B /* 06.jpg in Resources */ = {isa = PBXBuildFile; fileRef = F424015A1A9D63F90065B36B /* 06.jpg */; };
		F42401BE1A9D63F90065B36B /* 07.jpg in Resources */ = {isa = PBXBuildFile; fileRef = F424015B1A9D63F90065B36B /* 07.jpg */; };
		F42401BF1A9D63F90065B36B /* 08.jpg in Resources */ = {isa = PBXBuildFile; fileRef = F424015C1A9D63F90065B36B /* 08.jpg */; };
		F42401C01A9D63F90065B36B /* 09.jpg in Resources */ = {isa = PBXBuildFile; fileRef = F424015D1A9D63F90065B36B /* 09.jpg */; };
		F42401C11A9D63F90065B36B /* 10.jpg in Resources */ = {isa = PBXBuildFile; fileRef = F424015E1A9D63F90065B36B /* 10.jpg */; };
/* End PBXBuildFile section */

/* Begin PBXContainerItemProxy section */
		F42401451A9D44100065B36B /* PBXContainerItemProxy */ = {
			isa = PBXContainerItemProxy;
			containerPortal = F42401271A9D44100065B36B /* Project object */;
			proxyType = 1;
			remoteGlobalIDString = F424012E1A9D44100065B36B;
			remoteInfo = Lecture4;
		};
/* End PBXContainerItemProxy section */

/* Begin PBXFileReference section */
		F424012F1A9D44100065B36B /* Lecture4.app */ = {isa = PBXFileReference; explicitFileType = wrapper.application; includeInIndex = 0; path = Lecture4.app; sourceTree = BUILT_PRODUCTS_DIR; };
		F42401331A9D44100065B36B /* Info.plist */ = {isa = PBXFileReference; lastKnownFileType = text.plist.xml; path = Info.plist; sourceTree = "<group>"; };
		F42401341A9D44100065B36B /* AppDelegate.swift */ = {isa = PBXFileReference; lastKnownFileType = sourcecode.swift; path = AppDelegate.swift; sourceTree = "<group>"; };
		F42401361A9D44100065B36B /* ViewController.swift */ = {isa = PBXFileReference; lastKnownFileType = sourcecode.swift; path = ViewController.swift; sourceTree = "<group>"; };
		F42401391A9D44100065B36B /* Base */ = {isa = PBXFileReference; lastKnownFileType = file.storyboard; name = Base; path = Base.lproj/Main.storyboard; sourceTree = "<group>"; };
		F424013B1A9D44100065B36B /* Images.xcassets */ = {isa = PBXFileReference; lastKnownFileType = folder.assetcatalog; path = Images.xcassets; sourceTree = "<group>"; };
		F424013E1A9D44100065B36B /* Base */ = {isa = PBXFileReference; lastKnownFileType = file.xib; name = Base; path = Base.lproj/LaunchScreen.xib; sourceTree = "<group>"; };
		F42401441A9D44100065B36B /* Lecture4Tests.xctest */ = {isa = PBXFileReference; explicitFileType = wrapper.cfbundle; includeInIndex = 0; path = Lecture4Tests.xctest; sourceTree = BUILT_PRODUCTS_DIR; };
		F42401491A9D44100065B36B /* Info.plist */ = {isa = PBXFileReference; lastKnownFileType = text.plist.xml; path = Info.plist; sourceTree = "<group>"; };
		F424014A1A9D44100065B36B /* Lecture4Tests.swift */ = {isa = PBXFileReference; lastKnownFileType = sourcecode.swift; path = Lecture4Tests.swift; sourceTree = "<group>"; };
		F42401551A9D63F90065B36B /* 01.jpg */ = {isa = PBXFileReference; lastKnownFileType = image.jpeg; path = 01.jpg; sourceTree = "<group>"; };
		F42401561A9D63F90065B36B /* 02.jpg */ = {isa = PBXFileReference; lastKnownFileType = image.jpeg; path = 02.jpg; sourceTree = "<group>"; };
		F42401571A9D63F90065B36B /* 03.jpg */ = {isa = PBXFileReference; lastKnownFileType = image.jpeg; path = 03.jpg; sourceTree = "<group>"; };
		F42401581A9D63F90065B36B /* 04.jpg */ = {isa = PBXFileReference; lastKnownFileType = image.jpeg; path = 04.jpg; sourceTree = "<group>"; };
		F42401591A9D63F90065B36B /* 05.jpg */ = {isa = PBXFileReference; lastKnownFileType = image.jpeg; path = 05.jpg; sourceTree = "<group>"; };
		F424015A1A9D63F90065B36B /* 06.jpg */ = {isa = PBXFileReference; lastKnownFileType = image.jpeg; path = 06.jpg; sourceTree = "<group>"; };
		F424015B1A9D63F90065B36B /* 07.jpg */ = {isa = PBXFileReference; lastKnownFileType = image.jpeg; path = 07.jpg; sourceTree = "<group>"; };
		F424015C1A9D63F90065B36B /* 08.jpg */ = {isa = PBXFileReference; lastKnownFileType = image.jpeg; path = 08.jpg; sourceTree = "<group>"; };
		F424015D1A9D63F90065B36B /* 09.jpg */ = {isa = PBXFileReference; lastKnownFileType = image.jpeg; path = 09.jpg; sourceTree = "<group>"; };
		F424015E1A9D63F90065B36B /* 10.jpg */ = {isa = PBXFileReference; lastKnownFileType = image.jpeg; path = 10.jpg; sourceTree = "<group>"; };
/* End PBXFileReference section */

/* Begin PBXFrameworksBuildPhase section */
		F424012C1A9D44100065B36B /* Frameworks */ = {
			isa = PBXFrameworksBuildPhase;
			buildActionMask = 2147483647;
			files = (
			);
			runOnlyForDeploymentPostprocessing = 0;
		};
		F42401411A9D44100065B36B /* Frameworks */ = {
			isa = PBXFrameworksBuildPhase;
			buildActionMask = 2147483647;
			files = (
			);
			runOnlyForDeploymentPostprocessing = 0;
		};
/* End PBXFrameworksBuildPhase section */

/* Begin PBXGroup section */
		F42401261A9D44100065B36B = {
			isa = PBXGroup;
			children = (
				F42401311A9D44100065B36B /* Lecture4 */,
				F42401471A9D44100065B36B /* Lecture4Tests */,
				F42401301A9D44100065B36B /* Products */,
			);
			sourceTree = "<group>";
		};
		F42401301A9D44100065B36B /* Products */ = {
			isa = PBXGroup;
			children = (
				F424012F1A9D44100065B36B /* Lecture4.app */,
				F42401441A9D44100065B36B /* Lecture4Tests.xctest */,
			);
			name = Products;
			sourceTree = "<group>";
		};
		F42401311A9D44100065B36B /* Lecture4 */ = {
			isa = PBXGroup;
			children = (
				F42401541A9D63F90065B36B /* usersthink-free-photos */,
				F42401341A9D44100065B36B /* AppDelegate.swift */,
				F42401361A9D44100065B36B /* ViewController.swift */,
				F42401381A9D44100065B36B /* Main.storyboard */,
				F424013B1A9D44100065B36B /* Images.xcassets */,
				F424013D1A9D44100065B36B /* LaunchScreen.xib */,
				F42401321A9D44100065B36B /* Supporting Files */,
			);
			path = Lecture4;
			sourceTree = "<group>";
		};
		F42401321A9D44100065B36B /* Supporting Files */ = {
			isa = PBXGroup;
			children = (
				F42401331A9D44100065B36B /* Info.plist */,
			);
			name = "Supporting Files";
			sourceTree = "<group>";
		};
		F42401471A9D44100065B36B /* Lecture4Tests */ = {
			isa = PBXGroup;
			children = (
				F424014A1A9D44100065B36B /* Lecture4Tests.swift */,
				F42401481A9D44100065B36B /* Supporting Files */,
			);
			path = Lecture4Tests;
			sourceTree = "<group>";
		};
		F42401481A9D44100065B36B /* Supporting Files */ = {
			isa = PBXGroup;
			children = (
				F42401491A9D44100065B36B /* Info.plist */,
			);
			name = "Supporting Files";
			sourceTree = "<group>";
		};
		F42401541A9D63F90065B36B /* usersthink-free-photos */ = {
			isa = PBXGroup;
			children = (
				F42401551A9D63F90065B36B /* 01.jpg */,
				F42401561A9D63F90065B36B /* 02.jpg */,
				F42401571A9D63F90065B36B /* 03.jpg */,
				F42401581A9D63F90065B36B /* 04.jpg */,
				F42401591A9D63F90065B36B /* 05.jpg */,
				F424015A1A9D63F90065B36B /* 06.jpg */,
				F424015B1A9D63F90065B36B /* 07.jpg */,
				F424015C1A9D63F90065B36B /* 08.jpg */,
				F424015D1A9D63F90065B36B /* 09.jpg */,
				F424015E1A9D63F90065B36B /* 10.jpg */,
			);
			path = "usersthink-free-photos";
			sourceTree = "<group>";
		};
/* End PBXGroup section */

/* Begin PBXNativeTarget section */
		F424012E1A9D44100065B36B /* Lecture4 */ = {
			isa = PBXNativeTarget;
			buildConfigurationList = F424014E1A9D44100065B36B /* Build configuration list for PBXNativeTarget "Lecture4" */;
			buildPhases = (
				F424012B1A9D44100065B36B /* Sources */,
				F424012C1A9D44100065B36B /* Frameworks */,
				F424012D1A9D44100065B36B /* Resources */,
			);
			buildRules = (
			);
			dependencies = (
			);
			name = Lecture4;
			productName = Lecture4;
			productReference = F424012F1A9D44100065B36B /* Lecture4.app */;
			productType = "com.apple.product-type.application";
		};
		F42401431A9D44100065B36B /* Lecture4Tests */ = {
			isa = PBXNativeTarget;
			buildConfigurationList = F42401511A9D44100065B36B /* Build configuration list for PBXNativeTarget "Lecture4Tests" */;
			buildPhases = (
				F42401401A9D44100065B36B /* Sources */,
				F42401411A9D44100065B36B /* Frameworks */,
				F42401421A9D44100065B36B /* Resources */,
			);
			buildRules = (
			);
			dependencies = (
				F42401461A9D44100065B36B /* PBXTargetDependency */,
			);
			name = Lecture4Tests;
			productName = Lecture4Tests;
			productReference = F42401441A9D44100065B36B /* Lecture4Tests.xctest */;
			productType = "com.apple.product-type.bundle.unit-test";
		};
/* End PBXNativeTarget section */

/* Begin PBXProject section */
		F42401271A9D44100065B36B /* Project object */ = {
			isa = PBXProject;
			attributes = {
				LastUpgradeCheck = 0610;
				ORGANIZATIONNAME = "Arun Nagarajan";
				TargetAttributes = {
					F424012E1A9D44100065B36B = {
						CreatedOnToolsVersion = 6.1.1;
					};
					F42401431A9D44100065B36B = {
						CreatedOnToolsVersion = 6.1.1;
						TestTargetID = F424012E1A9D44100065B36B;
					};
				};
			};
			buildConfigurationList = F424012A1A9D44100065B36B /* Build configuration list for PBXProject "Lecture4" */;
			compatibilityVersion = "Xcode 3.2";
			developmentRegion = English;
			hasScannedForEncodings = 0;
			knownRegions = (
				en,
				Base,
			);
			mainGroup = F42401261A9D44100065B36B;
			productRefGroup = F42401301A9D44100065B36B /* Products */;
			projectDirPath = "";
			projectRoot = "";
			targets = (
				F424012E1A9D44100065B36B /* Lecture4 */,
				F42401431A9D44100065B36B /* Lecture4Tests */,
			);
		};
/* End PBXProject section */

/* Begin PBXResourcesBuildPhase section */
		F424012D1A9D44100065B36B /* Resources */ = {
			isa = PBXResourcesBuildPhase;
			buildActionMask = 2147483647;
			files = (
				F42401C11A9D63F90065B36B /* 10.jpg in Resources */,
				F42401BE1A9D63F90065B36B /* 07.jpg in Resources */,
				F42401BA1A9D63F90065B36B /* 03.jpg in Resources */,
				F42401BF1A9D63F90065B36B /* 08.jpg in Resources */,
				F42401B91A9D63F90065B36B /* 02.jpg in Resources */,
				F42401BC1A9D63F90065B36B /* 05.jpg in Resources */,
				F42401BD1A9D63F90065B36B /* 06.jpg in Resources */,
				F42401C01A9D63F90065B36B /* 09.jpg in Resources */,
				F424013A1A9D44100065B36B /* Main.storyboard in Resources */,
				F424013F1A9D44100065B36B /* LaunchScreen.xib in Resources */,
				F42401BB1A9D63F90065B36B /* 04.jpg in Resources */,
				F42401B81A9D63F90065B36B /* 01.jpg in Resources */,
				F424013C1A9D44100065B36B /* Images.xcassets in Resources */,
			);
			runOnlyForDeploymentPostprocessing = 0;
		};
		F42401421A9D44100065B36B /* Resources */ = {
			isa = PBXResourcesBuildPhase;
			buildActionMask = 2147483647;
			files = (
			);
			runOnlyForDeploymentPostprocessing = 0;
		};
/* End PBXResourcesBuildPhase section */

/* Begin PBXSourcesBuildPhase section */
		F424012B1A9D44100065B36B /* Sources */ = {
			isa = PBXSourcesBuildPhase;
			buildActionMask = 2147483647;
			files = (
				F42401371A9D44100065B36B /* ViewController.swift in Sources */,
				F42401351A9D44100065B36B /* AppDelegate.swift in Sources */,
			);
			runOnlyForDeploymentPostprocessing = 0;
		};
		F42401401A9D44100065B36B /* Sources */ = {
			isa = PBXSourcesBuildPhase;
			buildActionMask = 2147483647;
			files = (
				F424014B1A9D44100065B36B /* Lecture4Tests.swift in Sources */,
			);
			runOnlyForDeploymentPostprocessing = 0;
		};
/* End PBXSourcesBuildPhase section */

/* Begin PBXTargetDependency section */
		F42401461A9D44100065B36B /* PBXTargetDependency */ = {
			isa = PBXTargetDependency;
			target = F424012E1A9D44100065B36B /* Lecture4 */;
			targetProxy = F42401451A9D44100065B36B /* PBXContainerItemProxy */;
		};
/* End PBXTargetDependency section */

/* Begin PBXVariantGroup section */
		F42401381A9D44100065B36B /* Main.storyboard */ = {
			isa = PBXVariantGroup;
			children = (
				F42401391A9D44100065B36B /* Base */,
			);
			name = Main.storyboard;
			sourceTree = "<group>";
		};
		F424013D1A9D44100065B36B /* LaunchScreen.xib */ = {
			isa = PBXVariantGroup;
			children = (
				F424013E1A9D44100065B36B /* Base */,
			);
			name = LaunchScreen.xib;
			sourceTree = "<group>";
		};
/* End PBXVariantGroup section */

/* Begin XCBuildConfiguration section */
		F424014C1A9D44100065B36B /* Debug */ = {
			isa = XCBuildConfiguration;
			buildSettings = {
				ALWAYS_SEARCH_USER_PATHS = NO;
				CLANG_CXX_LANGUAGE_STANDARD = "gnu++0x";
				CLANG_CXX_LIBRARY = "libc++";
				CLANG_ENABLE_MODULES = YES;
				CLANG_ENABLE_OBJC_ARC = YES;
				CLANG_WARN_BOOL_CONVERSION = YES;
				CLANG_WARN_CONSTANT_CONVERSION = YES;
				CLANG_WARN_DIRECT_OBJC_ISA_USAGE = YES_ERROR;
				CLANG_WARN_EMPTY_BODY = YES;
				CLANG_WARN_ENUM_CONVERSION = YES;
				CLANG_WARN_INT_CONVERSION = YES;
				CLANG_WARN_OBJC_ROOT_CLASS = YES_ERROR;
				CLANG_WARN_UNREACHABLE_CODE = YES;
				CLANG_WARN__DUPLICATE_METHOD_MATCH = YES;
				"CODE_SIGN_IDENTITY[sdk=iphoneos*]" = "iPhone Developer";
				COPY_PHASE_STRIP = NO;
				ENABLE_STRICT_OBJC_MSGSEND = YES;
				GCC_C_LANGUAGE_STANDARD = gnu99;
				GCC_DYNAMIC_NO_PIC = NO;
				GCC_OPTIMIZATION_LEVEL = 0;
				GCC_PREPROCESSOR_DEFINITIONS = (
					"DEBUG=1",
					"$(inherited)",
				);
				GCC_SYMBOLS_PRIVATE_EXTERN = NO;
				GCC_WARN_64_TO_32_BIT_CONVERSION = YES;
				GCC_WARN_ABOUT_RETURN_TYPE = YES_ERROR;
				GCC_WARN_UNDECLARED_SELECTOR = YES;
				GCC_WARN_UNINITIALIZED_AUTOS = YES_AGGRESSIVE;
				GCC_WARN_UNUSED_FUNCTION = YES;
				GCC_WARN_UNUSED_VARIABLE = YES;
				IPHONEOS_DEPLOYMENT_TARGET = 8.1;
				MTL_ENABLE_DEBUG_INFO = YES;
				ONLY_ACTIVE_ARCH = YES;
				SDKROOT = iphoneos;
				SWIFT_OPTIMIZATION_LEVEL = "-Onone";
				TARGETED_DEVICE_FAMILY = "1,2";
			};
			name = Debug;
		};
		F424014D1A9D44100065B36B /* Release */ = {
			isa = XCBuildConfiguration;
			buildSettings = {
				ALWAYS_SEARCH_USER_PATHS = NO;
				CLANG_CXX_LANGUAGE_STANDARD = "gnu++0x";
				CLANG_CXX_LIBRARY = "libc++";
				CLANG_ENABLE_MODULES = YES;
				CLANG_ENABLE_OBJC_ARC = YES;
				CLANG_WARN_BOOL_CONVERSION = YES;
				CLANG_WARN_CONSTANT_CONVERSION = YES;
				CLANG_WARN_DIRECT_OBJC_ISA_USAGE = YES_ERROR;
				CLANG_WARN_EMPTY_BODY = YES;
				CLANG_WARN_ENUM_CONVERSION = YES;
				CLANG_WARN_INT_CONVERSION = YES;
				CLANG_WARN_OBJC_ROOT_CLASS = YES_ERROR;
				CLANG_WARN_UNREACHABLE_CODE = YES;
				CLANG_WARN__DUPLICATE_METHOD_MATCH = YES;
				"CODE_SIGN_IDENTITY[sdk=iphoneos*]" = "iPhone Developer";
				COPY_PHASE_STRIP = YES;
				ENABLE_NS_ASSERTIONS = NO;
				ENABLE_STRICT_OBJC_MSGSEND = YES;
				GCC_C_LANGUAGE_STANDARD = gnu99;
				GCC_WARN_64_TO_32_BIT_CONVERSION = YES;
				GCC_WARN_ABOUT_RETURN_TYPE = YES_ERROR;
				GCC_WARN_UNDECLARED_SELECTOR = YES;
				GCC_WARN_UNINITIALIZED_AUTOS = YES_AGGRESSIVE;
				GCC_WARN_UNUSED_FUNCTION = YES;
				GCC_WARN_UNUSED_VARIABLE = YES;
				IPHONEOS_DEPLOYMENT_TARGET = 8.1;
				MTL_ENABLE_DEBUG_INFO = NO;
				SDKROOT = iphoneos;
				TARGETED_DEVICE_FAMILY = "1,2";
				VALIDATE_PRODUCT = YES;
			};
			name = Release;
		};
		F424014F1A9D44100065B36B /* Debug */ = {
			isa = XCBuildConfiguration;
			buildSettings = {
				ASSETCATALOG_COMPILER_APPICON_NAME = AppIcon;
				INFOPLIST_FILE = Lecture4/Info.plist;
				LD_RUNPATH_SEARCH_PATHS = "$(inherited) @executable_path/Frameworks";
				PRODUCT_NAME = "$(TARGET_NAME)";
			};
			name = Debug;
		};
		F42401501A9D44100065B36B /* Release */ = {
			isa = XCBuildConfiguration;
			buildSettings = {
				ASSETCATALOG_COMPILER_APPICON_NAME = AppIcon;
				INFOPLIST_FILE = Lecture4/Info.plist;
				LD_RUNPATH_SEARCH_PATHS = "$(inherited) @executable_path/Frameworks";
				PRODUCT_NAME = "$(TARGET_NAME)";
			};
			name = Release;
		};
		F42401521A9D44100065B36B /* Debug */ = {
			isa = XCBuildConfiguration;
			buildSettings = {
				BUNDLE_LOADER = "$(TEST_HOST)";
				FRAMEWORK_SEARCH_PATHS = (
					"$(SDKROOT)/Developer/Library/Frameworks",
					"$(inherited)",
				);
				GCC_PREPROCESSOR_DEFINITIONS = (
					"DEBUG=1",
					"$(inherited)",
				);
				INFOPLIST_FILE = Lecture4Tests/Info.plist;
				LD_RUNPATH_SEARCH_PATHS = "$(inherited) @executable_path/Frameworks @loader_path/Frameworks";
				PRODUCT_NAME = "$(TARGET_NAME)";
				TEST_HOST = "$(BUILT_PRODUCTS_DIR)/Lecture4.app/Lecture4";
			};
			name = Debug;
		};
		F42401531A9D44100065B36B /* Release */ = {
			isa = XCBuildConfiguration;
			buildSettings = {
				BUNDLE_LOADER = "$(TEST_HOST)";
				FRAMEWORK_SEARCH_PATHS = (
					"$(SDKROOT)/Developer/Library/Frameworks",
					"$(inherited)",
				);
				INFOPLIST_FILE = Lecture4Tests/Info.plist;
				LD_RUNPATH_SEARCH_PATHS = "$(inherited) @executable_path/Frameworks @loader_path/Frameworks";
				PRODUCT_NAME = "$(TARGET_NAME)";
				TEST_HOST = "$(BUILT_PRODUCTS_DIR)/Lecture4.app/Lecture4";
			};
			name = Release;
		};
/* End XCBuildConfiguration section */

/* Begin XCConfigurationList section */
		F424012A1A9D44100065B36B /* Build configuration list for PBXProject "Lecture4" */ = {
			isa = XCConfigurationList;
			buildConfigurations = (
				F424014C1A9D44100065B36B /* Debug */,
				F424014D1A9D44100065B36B /* Release */,
			);
			defaultConfigurationIsVisible = 0;
			defaultConfigurationName = Release;
		};
		F424014E1A9D44100065B36B /* Build configuration list for PBXNativeTarget "Lecture4" */ = {
			isa = XCConfigurationList;
			buildConfigurations = (
				F424014F1A9D44100065B36B /* Debug */,
				F42401501A9D44100065B36B /* Release */,
			);
			defaultConfigurationIsVisible = 0;
		};
		F42401511A9D44100065B36B /* Build configuration list for PBXNativeTarget "Lecture4Tests" */ = {
			isa = XCConfigurationList;
			buildConfigurations = (
				F42401521A9D44100065B36B /* Debug */,
				F42401531A9D44100065B36B /* Release */,
			);
			defaultConfigurationIsVisible = 0;
		};
/* End XCConfigurationList section */
	};
	rootObject = F42401271A9D44100065B36B /* Project object */;
}
