// !$*UTF8*$!
{
	archiveVersion = 1;
	classes = {
	};
	objectVersion = 46;
	objects = {

/* Begin PBXBuildFile section */
		BCBF03473319594BA290354D /* libPods.a in Frameworks */ = {isa = PBXBuildFile; fileRef = 79FAFEA748194E46DA606675 /* libPods.a */; };
		F4364D9F1AE9B20500D427E4 /* AppDelegate.swift in Sources */ = {isa = PBXBuildFile; fileRef = F4364D9E1AE9B20500D427E4 /* AppDelegate.swift */; };
		F4364DA11AE9B20500D427E4 /* ViewController.swift in Sources */ = {isa = PBXBuildFile; fileRef = F4364DA01AE9B20500D427E4 /* ViewController.swift */; };
		F4364DA41AE9B20500D427E4 /* Main.storyboard in Resources */ = {isa = PBXBuildFile; fileRef = F4364DA21AE9B20500D427E4 /* Main.storyboard */; };
		F4364DA61AE9B20500D427E4 /* Images.xcassets in Resources */ = {isa = PBXBuildFile; fileRef = F4364DA51AE9B20500D427E4 /* Images.xcassets */; };
		F4364DA91AE9B20500D427E4 /* LaunchScreen.xib in Resources */ = {isa = PBXBuildFile; fileRef = F4364DA71AE9B20500D427E4 /* LaunchScreen.xib */; };
		F4364DB51AE9B20500D427E4 /* ParsePhotosTests.swift in Sources */ = {isa = PBXBuildFile; fileRef = F4364DB41AE9B20500D427E4 /* ParsePhotosTests.swift */; };
		F4364DC21AE9C62C00D427E4 /* PhotosViewController.swift in Sources */ = {isa = PBXBuildFile; fileRef = F4364DC11AE9C62C00D427E4 /* PhotosViewController.swift */; };
/* End PBXBuildFile section */

/* Begin PBXContainerItemProxy section */
		F4364DAF1AE9B20500D427E4 /* PBXContainerItemProxy */ = {
			isa = PBXContainerItemProxy;
			containerPortal = F4364D911AE9B20400D427E4 /* Project object */;
			proxyType = 1;
			remoteGlobalIDString = F4364D981AE9B20500D427E4;
			remoteInfo = ParsePhotos;
		};
/* End PBXContainerItemProxy section */

/* Begin PBXFileReference section */
		60716EC76380FAD41A82662E /* Pods.debug.xcconfig */ = {isa = PBXFileReference; includeInIndex = 1; lastKnownFileType = text.xcconfig; name = Pods.debug.xcconfig; path = "Pods/Target Support Files/Pods/Pods.debug.xcconfig"; sourceTree = "<group>"; };
		79FAFEA748194E46DA606675 /* libPods.a */ = {isa = PBXFileReference; explicitFileType = archive.ar; includeInIndex = 0; path = libPods.a; sourceTree = BUILT_PRODUCTS_DIR; };
		87649CDEF9123CABED835016 /* Pods.release.xcconfig */ = {isa = PBXFileReference; includeInIndex = 1; lastKnownFileType = text.xcconfig; name = Pods.release.xcconfig; path = "Pods/Target Support Files/Pods/Pods.release.xcconfig"; sourceTree = "<group>"; };
		F4364D991AE9B20500D427E4 /* ParsePhotos.app */ = {isa = PBXFileReference; explicitFileType = wrapper.application; includeInIndex = 0; path = ParsePhotos.app; sourceTree = BUILT_PRODUCTS_DIR; };
		F4364D9D1AE9B20500D427E4 /* Info.plist */ = {isa = PBXFileReference; lastKnownFileType = text.plist.xml; path = Info.plist; sourceTree = "<group>"; };
		F4364D9E1AE9B20500D427E4 /* AppDelegate.swift */ = {isa = PBXFileReference; lastKnownFileType = sourcecode.swift; path = AppDelegate.swift; sourceTree = "<group>"; };
		F4364DA01AE9B20500D427E4 /* ViewController.swift */ = {isa = PBXFileReference; lastKnownFileType = sourcecode.swift; path = ViewController.swift; sourceTree = "<group>"; };
		F4364DA31AE9B20500D427E4 /* Base */ = {isa = PBXFileReference; lastKnownFileType = file.storyboard; name = Base; path = Base.lproj/Main.storyboard; sourceTree = "<group>"; };
		F4364DA51AE9B20500D427E4 /* Images.xcassets */ = {isa = PBXFileReference; lastKnownFileType = folder.assetcatalog; path = Images.xcassets; sourceTree = "<group>"; };
		F4364DA81AE9B20500D427E4 /* Base */ = {isa = PBXFileReference; lastKnownFileType = file.xib; name = Base; path = Base.lproj/LaunchScreen.xib; sourceTree = "<group>"; };
		F4364DAE1AE9B20500D427E4 /* ParsePhotosTests.xctest */ = {isa = PBXFileReference; explicitFileType = wrapper.cfbundle; includeInIndex = 0; path = ParsePhotosTests.xctest; sourceTree = BUILT_PRODUCTS_DIR; };
		F4364DB31AE9B20500D427E4 /* Info.plist */ = {isa = PBXFileReference; lastKnownFileType = text.plist.xml; path = Info.plist; sourceTree = "<group>"; };
		F4364DB41AE9B20500D427E4 /* ParsePhotosTests.swift */ = {isa = PBXFileReference; lastKnownFileType = sourcecode.swift; path = ParsePhotosTests.swift; sourceTree = "<group>"; };
		F4364DBE1AE9B8D800D427E4 /* ParsePhotos-Bridging-Header.h */ = {isa = PBXFileReference; lastKnownFileType = sourcecode.c.h; path = "ParsePhotos-Bridging-Header.h"; sourceTree = "<group>"; };
		F4364DC11AE9C62C00D427E4 /* PhotosViewController.swift */ = {isa = PBXFileReference; fileEncoding = 4; lastKnownFileType = sourcecode.swift; path = PhotosViewController.swift; sourceTree = "<group>"; };
/* End PBXFileReference section */

/* Begin PBXFrameworksBuildPhase section */
		F4364D961AE9B20500D427E4 /* Frameworks */ = {
			isa = PBXFrameworksBuildPhase;
			buildActionMask = 2147483647;
			files = (
				BCBF03473319594BA290354D /* libPods.a in Frameworks */,
			);
			runOnlyForDeploymentPostprocessing = 0;
		};
		F4364DAB1AE9B20500D427E4 /* Frameworks */ = {
			isa = PBXFrameworksBuildPhase;
			buildActionMask = 2147483647;
			files = (
			);
			runOnlyForDeploymentPostprocessing = 0;
		};
/* End PBXFrameworksBuildPhase section */

/* Begin PBXGroup section */
		12CF9848F0EFC18A00E170B5 /* Pods */ = {
			isa = PBXGroup;
			children = (
				60716EC76380FAD41A82662E /* Pods.debug.xcconfig */,
				87649CDEF9123CABED835016 /* Pods.release.xcconfig */,
			);
			name = Pods;
			sourceTree = "<group>";
		};
		2B30BBAFA8311E9C966F9175 /* Frameworks */ = {
			isa = PBXGroup;
			children = (
				79FAFEA748194E46DA606675 /* libPods.a */,
			);
			name = Frameworks;
			sourceTree = "<group>";
		};
		F4364D901AE9B20400D427E4 = {
			isa = PBXGroup;
			children = (
				F4364D9B1AE9B20500D427E4 /* ParsePhotos */,
				F4364DB11AE9B20500D427E4 /* ParsePhotosTests */,
				F4364D9A1AE9B20500D427E4 /* Products */,
				12CF9848F0EFC18A00E170B5 /* Pods */,
				2B30BBAFA8311E9C966F9175 /* Frameworks */,
				F4364DBE1AE9B8D800D427E4 /* ParsePhotos-Bridging-Header.h */,
			);
			sourceTree = "<group>";
		};
		F4364D9A1AE9B20500D427E4 /* Products */ = {
			isa = PBXGroup;
			children = (
				F4364D991AE9B20500D427E4 /* ParsePhotos.app */,
				F4364DAE1AE9B20500D427E4 /* ParsePhotosTests.xctest */,
			);
			name = Products;
			sourceTree = "<group>";
		};
		F4364D9B1AE9B20500D427E4 /* ParsePhotos */ = {
			isa = PBXGroup;
			children = (
				F4364D9E1AE9B20500D427E4 /* AppDelegate.swift */,
				F4364DA01AE9B20500D427E4 /* ViewController.swift */,
				F4364DA21AE9B20500D427E4 /* Main.storyboard */,
				F4364DA51AE9B20500D427E4 /* Images.xcassets */,
				F4364DA71AE9B20500D427E4 /* LaunchScreen.xib */,
				F4364D9C1AE9B20500D427E4 /* Supporting Files */,
				F4364DC11AE9C62C00D427E4 /* PhotosViewController.swift */,
			);
			path = ParsePhotos;
			sourceTree = "<group>";
		};
		F4364D9C1AE9B20500D427E4 /* Supporting Files */ = {
			isa = PBXGroup;
			children = (
				F4364D9D1AE9B20500D427E4 /* Info.plist */,
			);
			name = "Supporting Files";
			sourceTree = "<group>";
		};
		F4364DB11AE9B20500D427E4 /* ParsePhotosTests */ = {
			isa = PBXGroup;
			children = (
				F4364DB41AE9B20500D427E4 /* ParsePhotosTests.swift */,
				F4364DB21AE9B20500D427E4 /* Supporting Files */,
			);
			path = ParsePhotosTests;
			sourceTree = "<group>";
		};
		F4364DB21AE9B20500D427E4 /* Supporting Files */ = {
			isa = PBXGroup;
			children = (
				F4364DB31AE9B20500D427E4 /* Info.plist */,
			);
			name = "Supporting Files";
			sourceTree = "<group>";
		};
/* End PBXGroup section */

/* Begin PBXNativeTarget section */
		F4364D981AE9B20500D427E4 /* ParsePhotos */ = {
			isa = PBXNativeTarget;
			buildConfigurationList = F4364DB81AE9B20500D427E4 /* Build configuration list for PBXNativeTarget "ParsePhotos" */;
			buildPhases = (
				A0590002A179AA9BDF2814A4 /* Check Pods Manifest.lock */,
				F4364D951AE9B20500D427E4 /* Sources */,
				F4364D961AE9B20500D427E4 /* Frameworks */,
				F4364D971AE9B20500D427E4 /* Resources */,
				384E5FC4E772C31E7C1A938E /* Copy Pods Resources */,
			);
			buildRules = (
			);
			dependencies = (
			);
			name = ParsePhotos;
			productName = ParsePhotos;
			productReference = F4364D991AE9B20500D427E4 /* ParsePhotos.app */;
			productType = "com.apple.product-type.application";
		};
		F4364DAD1AE9B20500D427E4 /* ParsePhotosTests */ = {
			isa = PBXNativeTarget;
			buildConfigurationList = F4364DBB1AE9B20500D427E4 /* Build configuration list for PBXNativeTarget "ParsePhotosTests" */;
			buildPhases = (
				F4364DAA1AE9B20500D427E4 /* Sources */,
				F4364DAB1AE9B20500D427E4 /* Frameworks */,
				F4364DAC1AE9B20500D427E4 /* Resources */,
			);
			buildRules = (
			);
			dependencies = (
				F4364DB01AE9B20500D427E4 /* PBXTargetDependency */,
			);
			name = ParsePhotosTests;
			productName = ParsePhotosTests;
			productReference = F4364DAE1AE9B20500D427E4 /* ParsePhotosTests.xctest */;
			productType = "com.apple.product-type.bundle.unit-test";
		};
/* End PBXNativeTarget section */

/* Begin PBXProject section */
		F4364D911AE9B20400D427E4 /* Project object */ = {
			isa = PBXProject;
			attributes = {
				LastUpgradeCheck = 0630;
				ORGANIZATIONNAME = "Arun Nagarajan";
				TargetAttributes = {
					F4364D981AE9B20500D427E4 = {
						CreatedOnToolsVersion = 6.3;
					};
					F4364DAD1AE9B20500D427E4 = {
						CreatedOnToolsVersion = 6.3;
						TestTargetID = F4364D981AE9B20500D427E4;
					};
				};
			};
			buildConfigurationList = F4364D941AE9B20400D427E4 /* Build configuration list for PBXProject "ParsePhotos" */;
			compatibilityVersion = "Xcode 3.2";
			developmentRegion = English;
			hasScannedForEncodings = 0;
			knownRegions = (
				en,
				Base,
			);
			mainGroup = F4364D901AE9B20400D427E4;
			productRefGroup = F4364D9A1AE9B20500D427E4 /* Products */;
			projectDirPath = "";
			projectRoot = "";
			targets = (
				F4364D981AE9B20500D427E4 /* ParsePhotos */,
				F4364DAD1AE9B20500D427E4 /* ParsePhotosTests */,
			);
		};
/* End PBXProject section */

/* Begin PBXResourcesBuildPhase section */
		F4364D971AE9B20500D427E4 /* Resources */ = {
			isa = PBXResourcesBuildPhase;
			buildActionMask = 2147483647;
			files = (
				F4364DA41AE9B20500D427E4 /* Main.storyboard in Resources */,
				F4364DA91AE9B20500D427E4 /* LaunchScreen.xib in Resources */,
				F4364DA61AE9B20500D427E4 /* Images.xcassets in Resources */,
			);
			runOnlyForDeploymentPostprocessing = 0;
		};
		F4364DAC1AE9B20500D427E4 /* Resources */ = {
			isa = PBXResourcesBuildPhase;
			buildActionMask = 2147483647;
			files = (
			);
			runOnlyForDeploymentPostprocessing = 0;
		};
/* End PBXResourcesBuildPhase section */

/* Begin PBXShellScriptBuildPhase section */
		384E5FC4E772C31E7C1A938E /* Copy Pods Resources */ = {
			isa = PBXShellScriptBuildPhase;
			buildActionMask = 2147483647;
			files = (
			);
			inputPaths = (
			);
			name = "Copy Pods Resources";
			outputPaths = (
			);
			runOnlyForDeploymentPostprocessing = 0;
			shellPath = /bin/sh;
			shellScript = "\"${SRCROOT}/Pods/Target Support Files/Pods/Pods-resources.sh\"\n";
			showEnvVarsInLog = 0;
		};
		A0590002A179AA9BDF2814A4 /* Check Pods Manifest.lock */ = {
			isa = PBXShellScriptBuildPhase;
			buildActionMask = 2147483647;
			files = (
			);
			inputPaths = (
			);
			name = "Check Pods Manifest.lock";
			outputPaths = (
			);
			runOnlyForDeploymentPostprocessing = 0;
			shellPath = /bin/sh;
			shellScript = "diff \"${PODS_ROOT}/../Podfile.lock\" \"${PODS_ROOT}/Manifest.lock\" > /dev/null\nif [[ $? != 0 ]] ; then\n    cat << EOM\nerror: The sandbox is not in sync with the Podfile.lock. Run 'pod install' or update your CocoaPods installation.\nEOM\n    exit 1\nfi\n";
			showEnvVarsInLog = 0;
		};
/* End PBXShellScriptBuildPhase section */

/* Begin PBXSourcesBuildPhase section */
		F4364D951AE9B20500D427E4 /* Sources */ = {
			isa = PBXSourcesBuildPhase;
			buildActionMask = 2147483647;
			files = (
				F4364DC21AE9C62C00D427E4 /* PhotosViewController.swift in Sources */,
				F4364DA11AE9B20500D427E4 /* ViewController.swift in Sources */,
				F4364D9F1AE9B20500D427E4 /* AppDelegate.swift in Sources */,
			);
			runOnlyForDeploymentPostprocessing = 0;
		};
		F4364DAA1AE9B20500D427E4 /* Sources */ = {
			isa = PBXSourcesBuildPhase;
			buildActionMask = 2147483647;
			files = (
				F4364DB51AE9B20500D427E4 /* ParsePhotosTests.swift in Sources */,
			);
			runOnlyForDeploymentPostprocessing = 0;
		};
/* End PBXSourcesBuildPhase section */

/* Begin PBXTargetDependency section */
		F4364DB01AE9B20500D427E4 /* PBXTargetDependency */ = {
			isa = PBXTargetDependency;
			target = F4364D981AE9B20500D427E4 /* ParsePhotos */;
			targetProxy = F4364DAF1AE9B20500D427E4 /* PBXContainerItemProxy */;
		};
/* End PBXTargetDependency section */

/* Begin PBXVariantGroup section */
		F4364DA21AE9B20500D427E4 /* Main.storyboard */ = {
			isa = PBXVariantGroup;
			children = (
				F4364DA31AE9B20500D427E4 /* Base */,
			);
			name = Main.storyboard;
			sourceTree = "<group>";
		};
		F4364DA71AE9B20500D427E4 /* LaunchScreen.xib */ = {
			isa = PBXVariantGroup;
			children = (
				F4364DA81AE9B20500D427E4 /* Base */,
			);
			name = LaunchScreen.xib;
			sourceTree = "<group>";
		};
/* End PBXVariantGroup section */

/* Begin XCBuildConfiguration section */
		F4364DB61AE9B20500D427E4 /* Debug */ = {
			isa = XCBuildConfiguration;
			buildSettings = {
				ALWAYS_SEARCH_USER_PATHS = NO;
				CLANG_CXX_LANGUAGE_STANDARD = "gnu++0x";
				CLANG_CXX_LIBRARY = "libc++";
				CLANG_ENABLE_MODULES = YES;
				CLANG_ENABLE_OBJC_ARC = YES;
				CLANG_WARN_BOOL_CONVERSION = YES;
				CLANG_WARN_CONSTANT_CONVERSION = YES;
				CLANG_WARN_DIRECT_OBJC_ISA_USAGE = YES_ERROR;
				CLANG_WARN_EMPTY_BODY = YES;
				CLANG_WARN_ENUM_CONVERSION = YES;
				CLANG_WARN_INT_CONVERSION = YES;
				CLANG_WARN_OBJC_ROOT_CLASS = YES_ERROR;
				CLANG_WARN_UNREACHABLE_CODE = YES;
				CLANG_WARN__DUPLICATE_METHOD_MATCH = YES;
				"CODE_SIGN_IDENTITY[sdk=iphoneos*]" = "iPhone Developer";
				COPY_PHASE_STRIP = NO;
				DEBUG_INFORMATION_FORMAT = "dwarf-with-dsym";
				ENABLE_STRICT_OBJC_MSGSEND = YES;
				GCC_C_LANGUAGE_STANDARD = gnu99;
				GCC_DYNAMIC_NO_PIC = NO;
				GCC_NO_COMMON_BLOCKS = YES;
				GCC_OPTIMIZATION_LEVEL = 0;
				GCC_PREPROCESSOR_DEFINITIONS = (
					"DEBUG=1",
					"$(inherited)",
				);
				GCC_SYMBOLS_PRIVATE_EXTERN = NO;
				GCC_WARN_64_TO_32_BIT_CONVERSION = YES;
				GCC_WARN_ABOUT_RETURN_TYPE = YES_ERROR;
				GCC_WARN_UNDECLARED_SELECTOR = YES;
				GCC_WARN_UNINITIALIZED_AUTOS = YES_AGGRESSIVE;
				GCC_WARN_UNUSED_FUNCTION = YES;
				GCC_WARN_UNUSED_VARIABLE = YES;
				IPHONEOS_DEPLOYMENT_TARGET = 8.3;
				MTL_ENABLE_DEBUG_INFO = YES;
				ONLY_ACTIVE_ARCH = YES;
				SDKROOT = iphoneos;
				SWIFT_OPTIMIZATION_LEVEL = "-Onone";
				TARGETED_DEVICE_FAMILY = "1,2";
			};
			name = Debug;
		};
		F4364DB71AE9B20500D427E4 /* Release */ = {
			isa = XCBuildConfiguration;
			buildSettings = {
				ALWAYS_SEARCH_USER_PATHS = NO;
				CLANG_CXX_LANGUAGE_STANDARD = "gnu++0x";
				CLANG_CXX_LIBRARY = "libc++";
				CLANG_ENABLE_MODULES = YES;
				CLANG_ENABLE_OBJC_ARC = YES;
				CLANG_WARN_BOOL_CONVERSION = YES;
				CLANG_WARN_CONSTANT_CONVERSION = YES;
				CLANG_WARN_DIRECT_OBJC_ISA_USAGE = YES_ERROR;
				CLANG_WARN_EMPTY_BODY = YES;
				CLANG_WARN_ENUM_CONVERSION = YES;
				CLANG_WARN_INT_CONVERSION = YES;
				CLANG_WARN_OBJC_ROOT_CLASS = YES_ERROR;
				CLANG_WARN_UNREACHABLE_CODE = YES;
				CLANG_WARN__DUPLICATE_METHOD_MATCH = YES;
				"CODE_SIGN_IDENTITY[sdk=iphoneos*]" = "iPhone Developer";
				COPY_PHASE_STRIP = NO;
				DEBUG_INFORMATION_FORMAT = "dwarf-with-dsym";
				ENABLE_NS_ASSERTIONS = NO;
				ENABLE_STRICT_OBJC_MSGSEND = YES;
				GCC_C_LANGUAGE_STANDARD = gnu99;
				GCC_NO_COMMON_BLOCKS = YES;
				GCC_WARN_64_TO_32_BIT_CONVERSION = YES;
				GCC_WARN_ABOUT_RETURN_TYPE = YES_ERROR;
				GCC_WARN_UNDECLARED_SELECTOR = YES;
				GCC_WARN_UNINITIALIZED_AUTOS = YES_AGGRESSIVE;
				GCC_WARN_UNUSED_FUNCTION = YES;
				GCC_WARN_UNUSED_VARIABLE = YES;
				IPHONEOS_DEPLOYMENT_TARGET = 8.3;
				MTL_ENABLE_DEBUG_INFO = NO;
				SDKROOT = iphoneos;
				TARGETED_DEVICE_FAMILY = "1,2";
				VALIDATE_PRODUCT = YES;
			};
			name = Release;
		};
		F4364DB91AE9B20500D427E4 /* Debug */ = {
			isa = XCBuildConfiguration;
			baseConfigurationReference = 60716EC76380FAD41A82662E /* Pods.debug.xcconfig */;
			buildSettings = {
				ASSETCATALOG_COMPILER_APPICON_NAME = AppIcon;
				CLANG_ENABLE_MODULES = YES;
				INFOPLIST_FILE = ParsePhotos/Info.plist;
				LD_RUNPATH_SEARCH_PATHS = "$(inherited) @executable_path/Frameworks";
				PRODUCT_NAME = "$(TARGET_NAME)";
				SWIFT_OBJC_BRIDGING_HEADER = "ParsePhotos-Bridging-Header.h";
				SWIFT_OPTIMIZATION_LEVEL = "-Onone";
			};
			name = Debug;
		};
		F4364DBA1AE9B20500D427E4 /* Release */ = {
			isa = XCBuildConfiguration;
			baseConfigurationReference = 87649CDEF9123CABED835016 /* Pods.release.xcconfig */;
			buildSettings = {
				ASSETCATALOG_COMPILER_APPICON_NAME = AppIcon;
				CLANG_ENABLE_MODULES = YES;
				INFOPLIST_FILE = ParsePhotos/Info.plist;
				LD_RUNPATH_SEARCH_PATHS = "$(inherited) @executable_path/Frameworks";
				PRODUCT_NAME = "$(TARGET_NAME)";
				SWIFT_OBJC_BRIDGING_HEADER = "ParsePhotos-Bridging-Header.h";
			};
			name = Release;
		};
		F4364DBC1AE9B20500D427E4 /* Debug */ = {
			isa = XCBuildConfiguration;
			buildSettings = {
				BUNDLE_LOADER = "$(TEST_HOST)";
				FRAMEWORK_SEARCH_PATHS = (
					"$(SDKROOT)/Developer/Library/Frameworks",
					"$(inherited)",
				);
				GCC_PREPROCESSOR_DEFINITIONS = (
					"DEBUG=1",
					"$(inherited)",
				);
				INFOPLIST_FILE = ParsePhotosTests/Info.plist;
				LD_RUNPATH_SEARCH_PATHS = "$(inherited) @executable_path/Frameworks @loader_path/Frameworks";
				PRODUCT_NAME = "$(TARGET_NAME)";
				TEST_HOST = "$(BUILT_PRODUCTS_DIR)/ParsePhotos.app/ParsePhotos";
			};
			name = Debug;
		};
		F4364DBD1AE9B20500D427E4 /* Release */ = {
			isa = XCBuildConfiguration;
			buildSettings = {
				BUNDLE_LOADER = "$(TEST_HOST)";
				FRAMEWORK_SEARCH_PATHS = (
					"$(SDKROOT)/Developer/Library/Frameworks",
					"$(inherited)",
				);
				INFOPLIST_FILE = ParsePhotosTests/Info.plist;
				LD_RUNPATH_SEARCH_PATHS = "$(inherited) @executable_path/Frameworks @loader_path/Frameworks";
				PRODUCT_NAME = "$(TARGET_NAME)";
				TEST_HOST = "$(BUILT_PRODUCTS_DIR)/ParsePhotos.app/ParsePhotos";
			};
			name = Release;
		};
/* End XCBuildConfiguration section */

/* Begin XCConfigurationList section */
		F4364D941AE9B20400D427E4 /* Build configuration list for PBXProject "ParsePhotos" */ = {
			isa = XCConfigurationList;
			buildConfigurations = (
				F4364DB61AE9B20500D427E4 /* Debug */,
				F4364DB71AE9B20500D427E4 /* Release */,
			);
			defaultConfigurationIsVisible = 0;
			defaultConfigurationName = Release;
		};
		F4364DB81AE9B20500D427E4 /* Build configuration list for PBXNativeTarget "ParsePhotos" */ = {
			isa = XCConfigurationList;
			buildConfigurations = (
				F4364DB91AE9B20500D427E4 /* Debug */,
				F4364DBA1AE9B20500D427E4 /* Release */,
			);
			defaultConfigurationIsVisible = 0;
			defaultConfigurationName = Release;
		};
		F4364DBB1AE9B20500D427E4 /* Build configuration list for PBXNativeTarget "ParsePhotosTests" */ = {
			isa = XCConfigurationList;
			buildConfigurations = (
				F4364DBC1AE9B20500D427E4 /* Debug */,
				F4364DBD1AE9B20500D427E4 /* Release */,
			);
			defaultConfigurationIsVisible = 0;
			defaultConfigurationName = Release;
		};
/* End XCConfigurationList section */
	};
	rootObject = F4364D911AE9B20400D427E4 /* Project object */;
}
