// !$*UTF8*$!
{
	archiveVersion = 1;
	classes = {
	};
	objectVersion = 46;
	objects = {

/* Begin PBXBuildFile section */
		F467C4651A9FE62F006A48E7 /* AppDelegate.swift in Sources */ = {isa = PBXBuildFile; fileRef = F467C4641A9FE62F006A48E7 /* AppDelegate.swift */; };
		F467C4671A9FE62F006A48E7 /* ViewController.swift in Sources */ = {isa = PBXBuildFile; fileRef = F467C4661A9FE62F006A48E7 /* ViewController.swift */; };
		F467C46A1A9FE62F006A48E7 /* Main.storyboard in Resources */ = {isa = PBXBuildFile; fileRef = F467C4681A9FE62F006A48E7 /* Main.storyboard */; };
		F467C46C1A9FE62F006A48E7 /* Images.xcassets in Resources */ = {isa = PBXBuildFile; fileRef = F467C46B1A9FE62F006A48E7 /* Images.xcassets */; };
		F467C46F1A9FE62F006A48E7 /* LaunchScreen.xib in Resources */ = {isa = PBXBuildFile; fileRef = F467C46D1A9FE62F006A48E7 /* LaunchScreen.xib */; };
		F467C47B1A9FE62F006A48E7 /* PhotoSwiprTests.swift in Sources */ = {isa = PBXBuildFile; fileRef = F467C47A1A9FE62F006A48E7 /* PhotoSwiprTests.swift */; };
		F467C4E81A9FE689006A48E7 /* 01.jpg in Resources */ = {isa = PBXBuildFile; fileRef = F467C4851A9FE689006A48E7 /* 01.jpg */; };
		F467C4E91A9FE689006A48E7 /* 02.jpg in Resources */ = {isa = PBXBuildFile; fileRef = F467C4861A9FE689006A48E7 /* 02.jpg */; };
		F467C4EA1A9FE689006A48E7 /* 03.jpg in Resources */ = {isa = PBXBuildFile; fileRef = F467C4871A9FE689006A48E7 /* 03.jpg */; };
		F467C4EB1A9FE689006A48E7 /* 04.jpg in Resources */ = {isa = PBXBuildFile; fileRef = F467C4881A9FE689006A48E7 /* 04.jpg */; };
		F467C4EC1A9FE689006A48E7 /* 05.jpg in Resources */ = {isa = PBXBuildFile; fileRef = F467C4891A9FE689006A48E7 /* 05.jpg */; };
		F467C4ED1A9FE689006A48E7 /* 06.jpg in Resources */ = {isa = PBXBuildFile; fileRef = F467C48A1A9FE689006A48E7 /* 06.jpg */; };
		F467C4EE1A9FE689006A48E7 /* 07.jpg in Resources */ = {isa = PBXBuildFile; fileRef = F467C48B1A9FE689006A48E7 /* 07.jpg */; };
		F467C4EF1A9FE689006A48E7 /* 08.jpg in Resources */ = {isa = PBXBuildFile; fileRef = F467C48C1A9FE689006A48E7 /* 08.jpg */; };
		F467C4F01A9FE689006A48E7 /* 09.jpg in Resources */ = {isa = PBXBuildFile; fileRef = F467C48D1A9FE689006A48E7 /* 09.jpg */; };
		F467C4F11A9FE689006A48E7 /* 10.jpg in Resources */ = {isa = PBXBuildFile; fileRef = F467C48E1A9FE689006A48E7 /* 10.jpg */; };
		F467C4F21A9FE689006A48E7 /* 11.jpg in Resources */ = {isa = PBXBuildFile; fileRef = F467C48F1A9FE689006A48E7 /* 11.jpg */; };
		F467C4F31A9FE689006A48E7 /* 12.jpg in Resources */ = {isa = PBXBuildFile; fileRef = F467C4901A9FE689006A48E7 /* 12.jpg */; };
		F467C4F41A9FE689006A48E7 /* 13.jpg in Resources */ = {isa = PBXBuildFile; fileRef = F467C4911A9FE689006A48E7 /* 13.jpg */; };
		F467C4F51A9FE689006A48E7 /* 14.jpg in Resources */ = {isa = PBXBuildFile; fileRef = F467C4921A9FE689006A48E7 /* 14.jpg */; };
		F467C4F61A9FE689006A48E7 /* 15.jpg in Resources */ = {isa = PBXBuildFile; fileRef = F467C4931A9FE689006A48E7 /* 15.jpg */; };
		F467C4F71A9FE689006A48E7 /* 16.jpg in Resources */ = {isa = PBXBuildFile; fileRef = F467C4941A9FE689006A48E7 /* 16.jpg */; };
		F467C4F81A9FE689006A48E7 /* 17.jpg in Resources */ = {isa = PBXBuildFile; fileRef = F467C4951A9FE689006A48E7 /* 17.jpg */; };
		F467C4F91A9FE689006A48E7 /* 18.jpg in Resources */ = {isa = PBXBuildFile; fileRef = F467C4961A9FE689006A48E7 /* 18.jpg */; };
		F467C4FA1A9FE689006A48E7 /* 19.jpg in Resources */ = {isa = PBXBuildFile; fileRef = F467C4971A9FE689006A48E7 /* 19.jpg */; };
		F467C4FB1A9FE689006A48E7 /* 20.jpg in Resources */ = {isa = PBXBuildFile; fileRef = F467C4981A9FE689006A48E7 /* 20.jpg */; };
		F467C4FC1A9FE689006A48E7 /* 21.jpg in Resources */ = {isa = PBXBuildFile; fileRef = F467C4991A9FE689006A48E7 /* 21.jpg */; };
		F467C4FD1A9FE689006A48E7 /* 22.jpg in Resources */ = {isa = PBXBuildFile; fileRef = F467C49A1A9FE689006A48E7 /* 22.jpg */; };
		F467C4FE1A9FE689006A48E7 /* 23.jpg in Resources */ = {isa = PBXBuildFile; fileRef = F467C49B1A9FE689006A48E7 /* 23.jpg */; };
		F467C4FF1A9FE689006A48E7 /* 24.jpg in Resources */ = {isa = PBXBuildFile; fileRef = F467C49C1A9FE689006A48E7 /* 24.jpg */; };
		F467C5001A9FE689006A48E7 /* 25.jpg in Resources */ = {isa = PBXBuildFile; fileRef = F467C49D1A9FE689006A48E7 /* 25.jpg */; };
		F467C5011A9FE689006A48E7 /* 26.jpg in Resources */ = {isa = PBXBuildFile; fileRef = F467C49E1A9FE689006A48E7 /* 26.jpg */; };
		F467C5021A9FE689006A48E7 /* 27.jpg in Resources */ = {isa = PBXBuildFile; fileRef = F467C49F1A9FE689006A48E7 /* 27.jpg */; };
		F467C5031A9FE689006A48E7 /* 28.jpg in Resources */ = {isa = PBXBuildFile; fileRef = F467C4A01A9FE689006A48E7 /* 28.jpg */; };
		F467C5041A9FE689006A48E7 /* 29.jpg in Resources */ = {isa = PBXBuildFile; fileRef = F467C4A11A9FE689006A48E7 /* 29.jpg */; };
		F467C5051A9FE689006A48E7 /* 30.jpg in Resources */ = {isa = PBXBuildFile; fileRef = F467C4A21A9FE689006A48E7 /* 30.jpg */; };
		F467C5061A9FE689006A48E7 /* 31.jpg in Resources */ = {isa = PBXBuildFile; fileRef = F467C4A31A9FE689006A48E7 /* 31.jpg */; };
		F467C5071A9FE689006A48E7 /* 32.jpg in Resources */ = {isa = PBXBuildFile; fileRef = F467C4A41A9FE689006A48E7 /* 32.jpg */; };
		F467C5081A9FE689006A48E7 /* 33.jpg in Resources */ = {isa = PBXBuildFile; fileRef = F467C4A51A9FE689006A48E7 /* 33.jpg */; };
		F467C5091A9FE689006A48E7 /* 34.jpg in Resources */ = {isa = PBXBuildFile; fileRef = F467C4A61A9FE689006A48E7 /* 34.jpg */; };
		F467C50A1A9FE689006A48E7 /* 35.jpg in Resources */ = {isa = PBXBuildFile; fileRef = F467C4A71A9FE689006A48E7 /* 35.jpg */; };
		F467C50B1A9FE689006A48E7 /* 36.jpg in Resources */ = {isa = PBXBuildFile; fileRef = F467C4A81A9FE689006A48E7 /* 36.jpg */; };
		F467C50C1A9FE689006A48E7 /* 37.jpg in Resources */ = {isa = PBXBuildFile; fileRef = F467C4A91A9FE689006A48E7 /* 37.jpg */; };
		F467C50D1A9FE689006A48E7 /* 38.jpg in Resources */ = {isa = PBXBuildFile; fileRef = F467C4AA1A9FE689006A48E7 /* 38.jpg */; };
		F467C50E1A9FE689006A48E7 /* 39.jpg in Resources */ = {isa = PBXBuildFile; fileRef = F467C4AB1A9FE689006A48E7 /* 39.jpg */; };
		F467C50F1A9FE689006A48E7 /* 40.jpg in Resources */ = {isa = PBXBuildFile; fileRef = F467C4AC1A9FE689006A48E7 /* 40.jpg */; };
		F467C5101A9FE689006A48E7 /* 41.jpg in Resources */ = {isa = PBXBuildFile; fileRef = F467C4AD1A9FE689006A48E7 /* 41.jpg */; };
		F467C5111A9FE689006A48E7 /* 42.jpg in Resources */ = {isa = PBXBuildFile; fileRef = F467C4AE1A9FE689006A48E7 /* 42.jpg */; };
		F467C5121A9FE689006A48E7 /* 43.jpg in Resources */ = {isa = PBXBuildFile; fileRef = F467C4AF1A9FE689006A48E7 /* 43.jpg */; };
		F467C5131A9FE689006A48E7 /* 44.jpg in Resources */ = {isa = PBXBuildFile; fileRef = F467C4B01A9FE689006A48E7 /* 44.jpg */; };
		F467C5141A9FE689006A48E7 /* 45.jpg in Resources */ = {isa = PBXBuildFile; fileRef = F467C4B11A9FE689006A48E7 /* 45.jpg */; };
		F467C5151A9FE689006A48E7 /* 46.jpg in Resources */ = {isa = PBXBuildFile; fileRef = F467C4B21A9FE689006A48E7 /* 46.jpg */; };
		F467C5161A9FE689006A48E7 /* 47.jpg in Resources */ = {isa = PBXBuildFile; fileRef = F467C4B31A9FE689006A48E7 /* 47.jpg */; };
		F467C5171A9FE689006A48E7 /* 48.jpg in Resources */ = {isa = PBXBuildFile; fileRef = F467C4B41A9FE689006A48E7 /* 48.jpg */; };
		F467C5181A9FE689006A48E7 /* 49.jpg in Resources */ = {isa = PBXBuildFile; fileRef = F467C4B51A9FE689006A48E7 /* 49.jpg */; };
		F467C5191A9FE689006A48E7 /* 50.jpg in Resources */ = {isa = PBXBuildFile; fileRef = F467C4B61A9FE689006A48E7 /* 50.jpg */; };
		F467C51A1A9FE689006A48E7 /* 51.jpg in Resources */ = {isa = PBXBuildFile; fileRef = F467C4B71A9FE689006A48E7 /* 51.jpg */; };
		F467C51B1A9FE689006A48E7 /* 52.jpg in Resources */ = {isa = PBXBuildFile; fileRef = F467C4B81A9FE689006A48E7 /* 52.jpg */; };
		F467C51C1A9FE689006A48E7 /* 53.jpg in Resources */ = {isa = PBXBuildFile; fileRef = F467C4B91A9FE689006A48E7 /* 53.jpg */; };
		F467C51D1A9FE689006A48E7 /* 54.jpg in Resources */ = {isa = PBXBuildFile; fileRef = F467C4BA1A9FE689006A48E7 /* 54.jpg */; };
		F467C51E1A9FE689006A48E7 /* 55.jpg in Resources */ = {isa = PBXBuildFile; fileRef = F467C4BB1A9FE689006A48E7 /* 55.jpg */; };
		F467C51F1A9FE689006A48E7 /* 56.jpg in Resources */ = {isa = PBXBuildFile; fileRef = F467C4BC1A9FE689006A48E7 /* 56.jpg */; };
		F467C5201A9FE689006A48E7 /* 57.jpg in Resources */ = {isa = PBXBuildFile; fileRef = F467C4BD1A9FE689006A48E7 /* 57.jpg */; };
		F467C5211A9FE689006A48E7 /* 58.jpg in Resources */ = {isa = PBXBuildFile; fileRef = F467C4BE1A9FE689006A48E7 /* 58.jpg */; };
		F467C5221A9FE689006A48E7 /* 59.jpg in Resources */ = {isa = PBXBuildFile; fileRef = F467C4BF1A9FE689006A48E7 /* 59.jpg */; };
		F467C5231A9FE689006A48E7 /* 60.jpg in Resources */ = {isa = PBXBuildFile; fileRef = F467C4C01A9FE689006A48E7 /* 60.jpg */; };
		F467C5241A9FE689006A48E7 /* 61.jpg in Resources */ = {isa = PBXBuildFile; fileRef = F467C4C11A9FE689006A48E7 /* 61.jpg */; };
		F467C5251A9FE689006A48E7 /* 62.jpg in Resources */ = {isa = PBXBuildFile; fileRef = F467C4C21A9FE689006A48E7 /* 62.jpg */; };
		F467C5261A9FE689006A48E7 /* 63.jpg in Resources */ = {isa = PBXBuildFile; fileRef = F467C4C31A9FE689006A48E7 /* 63.jpg */; };
		F467C5271A9FE689006A48E7 /* 64.jpg in Resources */ = {isa = PBXBuildFile; fileRef = F467C4C41A9FE689006A48E7 /* 64.jpg */; };
		F467C5281A9FE689006A48E7 /* 65.jpg in Resources */ = {isa = PBXBuildFile; fileRef = F467C4C51A9FE689006A48E7 /* 65.jpg */; };
		F467C5291A9FE689006A48E7 /* 66.jpg in Resources */ = {isa = PBXBuildFile; fileRef = F467C4C61A9FE689006A48E7 /* 66.jpg */; };
		F467C52A1A9FE689006A48E7 /* 67.jpg in Resources */ = {isa = PBXBuildFile; fileRef = F467C4C71A9FE689006A48E7 /* 67.jpg */; };
		F467C52B1A9FE689006A48E7 /* 68.jpg in Resources */ = {isa = PBXBuildFile; fileRef = F467C4C81A9FE689006A48E7 /* 68.jpg */; };
		F467C52C1A9FE689006A48E7 /* 69.jpg in Resources */ = {isa = PBXBuildFile; fileRef = F467C4C91A9FE689006A48E7 /* 69.jpg */; };
		F467C52D1A9FE689006A48E7 /* 70.jpg in Resources */ = {isa = PBXBuildFile; fileRef = F467C4CA1A9FE689006A48E7 /* 70.jpg */; };
		F467C52E1A9FE689006A48E7 /* 71.jpg in Resources */ = {isa = PBXBuildFile; fileRef = F467C4CB1A9FE689006A48E7 /* 71.jpg */; };
		F467C52F1A9FE689006A48E7 /* 72.jpg in Resources */ = {isa = PBXBuildFile; fileRef = F467C4CC1A9FE689006A48E7 /* 72.jpg */; };
		F467C5301A9FE689006A48E7 /* 73.jpg in Resources */ = {isa = PBXBuildFile; fileRef = F467C4CD1A9FE689006A48E7 /* 73.jpg */; };
		F467C5311A9FE689006A48E7 /* 74.jpg in Resources */ = {isa = PBXBuildFile; fileRef = F467C4CE1A9FE689006A48E7 /* 74.jpg */; };
		F467C5321A9FE689006A48E7 /* 75.jpg in Resources */ = {isa = PBXBuildFile; fileRef = F467C4CF1A9FE689006A48E7 /* 75.jpg */; };
		F467C5331A9FE689006A48E7 /* 76.jpg in Resources */ = {isa = PBXBuildFile; fileRef = F467C4D01A9FE689006A48E7 /* 76.jpg */; };
		F467C5341A9FE689006A48E7 /* 77.jpg in Resources */ = {isa = PBXBuildFile; fileRef = F467C4D11A9FE689006A48E7 /* 77.jpg */; };
		F467C5351A9FE689006A48E7 /* 78.jpg in Resources */ = {isa = PBXBuildFile; fileRef = F467C4D21A9FE689006A48E7 /* 78.jpg */; };
		F467C5361A9FE689006A48E7 /* 79.jpg in Resources */ = {isa = PBXBuildFile; fileRef = F467C4D31A9FE689006A48E7 /* 79.jpg */; };
		F467C5371A9FE689006A48E7 /* 80.jpg in Resources */ = {isa = PBXBuildFile; fileRef = F467C4D41A9FE689006A48E7 /* 80.jpg */; };
		F467C5381A9FE689006A48E7 /* 81.jpg in Resources */ = {isa = PBXBuildFile; fileRef = F467C4D51A9FE689006A48E7 /* 81.jpg */; };
		F467C5391A9FE689006A48E7 /* 82.jpg in Resources */ = {isa = PBXBuildFile; fileRef = F467C4D61A9FE689006A48E7 /* 82.jpg */; };
		F467C53A1A9FE689006A48E7 /* 83.jpg in Resources */ = {isa = PBXBuildFile; fileRef = F467C4D71A9FE689006A48E7 /* 83.jpg */; };
		F467C53B1A9FE689006A48E7 /* 84.jpg in Resources */ = {isa = PBXBuildFile; fileRef = F467C4D81A9FE689006A48E7 /* 84.jpg */; };
		F467C53C1A9FE689006A48E7 /* 85.jpg in Resources */ = {isa = PBXBuildFile; fileRef = F467C4D91A9FE689006A48E7 /* 85.jpg */; };
		F467C53D1A9FE689006A48E7 /* 86.jpg in Resources */ = {isa = PBXBuildFile; fileRef = F467C4DA1A9FE689006A48E7 /* 86.jpg */; };
		F467C53E1A9FE689006A48E7 /* 87.jpg in Resources */ = {isa = PBXBuildFile; fileRef = F467C4DB1A9FE689006A48E7 /* 87.jpg */; };
		F467C53F1A9FE689006A48E7 /* 88.jpg in Resources */ = {isa = PBXBuildFile; fileRef = F467C4DC1A9FE689006A48E7 /* 88.jpg */; };
		F467C5401A9FE689006A48E7 /* 89.jpg in Resources */ = {isa = PBXBuildFile; fileRef = F467C4DD1A9FE689006A48E7 /* 89.jpg */; };
		F467C5411A9FE689006A48E7 /* 90.jpg in Resources */ = {isa = PBXBuildFile; fileRef = F467C4DE1A9FE689006A48E7 /* 90.jpg */; };
		F467C5421A9FE689006A48E7 /* 91.jpg in Resources */ = {isa = PBXBuildFile; fileRef = F467C4DF1A9FE689006A48E7 /* 91.jpg */; };
		F467C5431A9FE689006A48E7 /* 92.jpg in Resources */ = {isa = PBXBuildFile; fileRef = F467C4E01A9FE689006A48E7 /* 92.jpg */; };
		F467C5441A9FE689006A48E7 /* 93.jpg in Resources */ = {isa = PBXBuildFile; fileRef = F467C4E11A9FE689006A48E7 /* 93.jpg */; };
		F467C5451A9FE689006A48E7 /* 94.jpg in Resources */ = {isa = PBXBuildFile; fileRef = F467C4E21A9FE689006A48E7 /* 94.jpg */; };
		F467C5461A9FE689006A48E7 /* 95.jpg in Resources */ = {isa = PBXBuildFile; fileRef = F467C4E31A9FE689006A48E7 /* 95.jpg */; };
		F467C5471A9FE689006A48E7 /* 96.jpg in Resources */ = {isa = PBXBuildFile; fileRef = F467C4E41A9FE689006A48E7 /* 96.jpg */; };
		F467C5481A9FE689006A48E7 /* 97.jpg in Resources */ = {isa = PBXBuildFile; fileRef = F467C4E51A9FE689006A48E7 /* 97.jpg */; };
		F467C5491A9FE689006A48E7 /* 98.jpg in Resources */ = {isa = PBXBuildFile; fileRef = F467C4E61A9FE689006A48E7 /* 98.jpg */; };
		F467C54A1A9FE689006A48E7 /* 99.jpg in Resources */ = {isa = PBXBuildFile; fileRef = F467C4E71A9FE689006A48E7 /* 99.jpg */; };
		F467C54C1A9FFD05006A48E7 /* Rating.swift in Sources */ = {isa = PBXBuildFile; fileRef = F467C54B1A9FFD05006A48E7 /* Rating.swift */; };
/* End PBXBuildFile section */

/* Begin PBXContainerItemProxy section */
		F467C4751A9FE62F006A48E7 /* PBXContainerItemProxy */ = {
			isa = PBXContainerItemProxy;
			containerPortal = F467C4571A9FE62F006A48E7 /* Project object */;
			proxyType = 1;
			remoteGlobalIDString = F467C45E1A9FE62F006A48E7;
			remoteInfo = PhotoSwipr;
		};
/* End PBXContainerItemProxy section */

/* Begin PBXFileReference section */
		F467C45F1A9FE62F006A48E7 /* PhotoSwipr.app */ = {isa = PBXFileReference; explicitFileType = wrapper.application; includeInIndex = 0; path = PhotoSwipr.app; sourceTree = BUILT_PRODUCTS_DIR; };
		F467C4631A9FE62F006A48E7 /* Info.plist */ = {isa = PBXFileReference; lastKnownFileType = text.plist.xml; path = Info.plist; sourceTree = "<group>"; };
		F467C4641A9FE62F006A48E7 /* AppDelegate.swift */ = {isa = PBXFileReference; lastKnownFileType = sourcecode.swift; path = AppDelegate.swift; sourceTree = "<group>"; };
		F467C4661A9FE62F006A48E7 /* ViewController.swift */ = {isa = PBXFileReference; lastKnownFileType = sourcecode.swift; path = ViewController.swift; sourceTree = "<group>"; };
		F467C4691A9FE62F006A48E7 /* Base */ = {isa = PBXFileReference; lastKnownFileType = file.storyboard; name = Base; path = Base.lproj/Main.storyboard; sourceTree = "<group>"; };
		F467C46B1A9FE62F006A48E7 /* Images.xcassets */ = {isa = PBXFileReference; lastKnownFileType = folder.assetcatalog; path = Images.xcassets; sourceTree = "<group>"; };
		F467C46E1A9FE62F006A48E7 /* Base */ = {isa = PBXFileReference; lastKnownFileType = file.xib; name = Base; path = Base.lproj/LaunchScreen.xib; sourceTree = "<group>"; };
		F467C4741A9FE62F006A48E7 /* PhotoSwiprTests.xctest */ = {isa = PBXFileReference; explicitFileType = wrapper.cfbundle; includeInIndex = 0; path = PhotoSwiprTests.xctest; sourceTree = BUILT_PRODUCTS_DIR; };
		F467C4791A9FE62F006A48E7 /* Info.plist */ = {isa = PBXFileReference; lastKnownFileType = text.plist.xml; path = Info.plist; sourceTree = "<group>"; };
		F467C47A1A9FE62F006A48E7 /* PhotoSwiprTests.swift */ = {isa = PBXFileReference; lastKnownFileType = sourcecode.swift; path = PhotoSwiprTests.swift; sourceTree = "<group>"; };
		F467C4851A9FE689006A48E7 /* 01.jpg */ = {isa = PBXFileReference; lastKnownFileType = image.jpeg; path = 01.jpg; sourceTree = "<group>"; };
		F467C4861A9FE689006A48E7 /* 02.jpg */ = {isa = PBXFileReference; lastKnownFileType = image.jpeg; path = 02.jpg; sourceTree = "<group>"; };
		F467C4871A9FE689006A48E7 /* 03.jpg */ = {isa = PBXFileReference; lastKnownFileType = image.jpeg; path = 03.jpg; sourceTree = "<group>"; };
		F467C4881A9FE689006A48E7 /* 04.jpg */ = {isa = PBXFileReference; lastKnownFileType = image.jpeg; path = 04.jpg; sourceTree = "<group>"; };
		F467C4891A9FE689006A48E7 /* 05.jpg */ = {isa = PBXFileReference; lastKnownFileType = image.jpeg; path = 05.jpg; sourceTree = "<group>"; };
		F467C48A1A9FE689006A48E7 /* 06.jpg */ = {isa = PBXFileReference; lastKnownFileType = image.jpeg; path = 06.jpg; sourceTree = "<group>"; };
		F467C48B1A9FE689006A48E7 /* 07.jpg */ = {isa = PBXFileReference; lastKnownFileType = image.jpeg; path = 07.jpg; sourceTree = "<group>"; };
		F467C48C1A9FE689006A48E7 /* 08.jpg */ = {isa = PBXFileReference; lastKnownFileType = image.jpeg; path = 08.jpg; sourceTree = "<group>"; };
		F467C48D1A9FE689006A48E7 /* 09.jpg */ = {isa = PBXFileReference; lastKnownFileType = image.jpeg; path = 09.jpg; sourceTree = "<group>"; };
		F467C48E1A9FE689006A48E7 /* 10.jpg */ = {isa = PBXFileReference; lastKnownFileType = image.jpeg; path = 10.jpg; sourceTree = "<group>"; };
		F467C48F1A9FE689006A48E7 /* 11.jpg */ = {isa = PBXFileReference; lastKnownFileType = image.jpeg; path = 11.jpg; sourceTree = "<group>"; };
		F467C4901A9FE689006A48E7 /* 12.jpg */ = {isa = PBXFileReference; lastKnownFileType = image.jpeg; path = 12.jpg; sourceTree = "<group>"; };
		F467C4911A9FE689006A48E7 /* 13.jpg */ = {isa = PBXFileReference; lastKnownFileType = image.jpeg; path = 13.jpg; sourceTree = "<group>"; };
		F467C4921A9FE689006A48E7 /* 14.jpg */ = {isa = PBXFileReference; lastKnownFileType = image.jpeg; path = 14.jpg; sourceTree = "<group>"; };
		F467C4931A9FE689006A48E7 /* 15.jpg */ = {isa = PBXFileReference; lastKnownFileType = image.jpeg; path = 15.jpg; sourceTree = "<group>"; };
		F467C4941A9FE689006A48E7 /* 16.jpg */ = {isa = PBXFileReference; lastKnownFileType = image.jpeg; path = 16.jpg; sourceTree = "<group>"; };
		F467C4951A9FE689006A48E7 /* 17.jpg */ = {isa = PBXFileReference; lastKnownFileType = image.jpeg; path = 17.jpg; sourceTree = "<group>"; };
		F467C4961A9FE689006A48E7 /* 18.jpg */ = {isa = PBXFileReference; lastKnownFileType = image.jpeg; path = 18.jpg; sourceTree = "<group>"; };
		F467C4971A9FE689006A48E7 /* 19.jpg */ = {isa = PBXFileReference; lastKnownFileType = image.jpeg; path = 19.jpg; sourceTree = "<group>"; };
		F467C4981A9FE689006A48E7 /* 20.jpg */ = {isa = PBXFileReference; lastKnownFileType = image.jpeg; path = 20.jpg; sourceTree = "<group>"; };
		F467C4991A9FE689006A48E7 /* 21.jpg */ = {isa = PBXFileReference; lastKnownFileType = image.jpeg; path = 21.jpg; sourceTree = "<group>"; };
		F467C49A1A9FE689006A48E7 /* 22.jpg */ = {isa = PBXFileReference; lastKnownFileType = image.jpeg; path = 22.jpg; sourceTree = "<group>"; };
		F467C49B1A9FE689006A48E7 /* 23.jpg */ = {isa = PBXFileReference; lastKnownFileType = image.jpeg; path = 23.jpg; sourceTree = "<group>"; };
		F467C49C1A9FE689006A48E7 /* 24.jpg */ = {isa = PBXFileReference; lastKnownFileType = image.jpeg; path = 24.jpg; sourceTree = "<group>"; };
		F467C49D1A9FE689006A48E7 /* 25.jpg */ = {isa = PBXFileReference; lastKnownFileType = image.jpeg; path = 25.jpg; sourceTree = "<group>"; };
		F467C49E1A9FE689006A48E7 /* 26.jpg */ = {isa = PBXFileReference; lastKnownFileType = image.jpeg; path = 26.jpg; sourceTree = "<group>"; };
		F467C49F1A9FE689006A48E7 /* 27.jpg */ = {isa = PBXFileReference; lastKnownFileType = image.jpeg; path = 27.jpg; sourceTree = "<group>"; };
		F467C4A01A9FE689006A48E7 /* 28.jpg */ = {isa = PBXFileReference; lastKnownFileType = image.jpeg; path = 28.jpg; sourceTree = "<group>"; };
		F467C4A11A9FE689006A48E7 /* 29.jpg */ = {isa = PBXFileReference; lastKnownFileType = image.jpeg; path = 29.jpg; sourceTree = "<group>"; };
		F467C4A21A9FE689006A48E7 /* 30.jpg */ = {isa = PBXFileReference; lastKnownFileType = image.jpeg; path = 30.jpg; sourceTree = "<group>"; };
		F467C4A31A9FE689006A48E7 /* 31.jpg */ = {isa = PBXFileReference; lastKnownFileType = image.jpeg; path = 31.jpg; sourceTree = "<group>"; };
		F467C4A41A9FE689006A48E7 /* 32.jpg */ = {isa = PBXFileReference; lastKnownFileType = image.jpeg; path = 32.jpg; sourceTree = "<group>"; };
		F467C4A51A9FE689006A48E7 /* 33.jpg */ = {isa = PBXFileReference; lastKnownFileType = image.jpeg; path = 33.jpg; sourceTree = "<group>"; };
		F467C4A61A9FE689006A48E7 /* 34.jpg */ = {isa = PBXFileReference; lastKnownFileType = image.jpeg; path = 34.jpg; sourceTree = "<group>"; };
		F467C4A71A9FE689006A48E7 /* 35.jpg */ = {isa = PBXFileReference; lastKnownFileType = image.jpeg; path = 35.jpg; sourceTree = "<group>"; };
		F467C4A81A9FE689006A48E7 /* 36.jpg */ = {isa = PBXFileReference; lastKnownFileType = image.jpeg; path = 36.jpg; sourceTree = "<group>"; };
		F467C4A91A9FE689006A48E7 /* 37.jpg */ = {isa = PBXFileReference; lastKnownFileType = image.jpeg; path = 37.jpg; sourceTree = "<group>"; };
		F467C4AA1A9FE689006A48E7 /* 38.jpg */ = {isa = PBXFileReference; lastKnownFileType = image.jpeg; path = 38.jpg; sourceTree = "<group>"; };
		F467C4AB1A9FE689006A48E7 /* 39.jpg */ = {isa = PBXFileReference; lastKnownFileType = image.jpeg; path = 39.jpg; sourceTree = "<group>"; };
		F467C4AC1A9FE689006A48E7 /* 40.jpg */ = {isa = PBXFileReference; lastKnownFileType = image.jpeg; path = 40.jpg; sourceTree = "<group>"; };
		F467C4AD1A9FE689006A48E7 /* 41.jpg */ = {isa = PBXFileReference; lastKnownFileType = image.jpeg; path = 41.jpg; sourceTree = "<group>"; };
		F467C4AE1A9FE689006A48E7 /* 42.jpg */ = {isa = PBXFileReference; lastKnownFileType = image.jpeg; path = 42.jpg; sourceTree = "<group>"; };
		F467C4AF1A9FE689006A48E7 /* 43.jpg */ = {isa = PBXFileReference; lastKnownFileType = image.jpeg; path = 43.jpg; sourceTree = "<group>"; };
		F467C4B01A9FE689006A48E7 /* 44.jpg */ = {isa = PBXFileReference; lastKnownFileType = image.jpeg; path = 44.jpg; sourceTree = "<group>"; };
		F467C4B11A9FE689006A48E7 /* 45.jpg */ = {isa = PBXFileReference; lastKnownFileType = image.jpeg; path = 45.jpg; sourceTree = "<group>"; };
		F467C4B21A9FE689006A48E7 /* 46.jpg */ = {isa = PBXFileReference; lastKnownFileType = image.jpeg; path = 46.jpg; sourceTree = "<group>"; };
		F467C4B31A9FE689006A48E7 /* 47.jpg */ = {isa = PBXFileReference; lastKnownFileType = image.jpeg; path = 47.jpg; sourceTree = "<group>"; };
		F467C4B41A9FE689006A48E7 /* 48.jpg */ = {isa = PBXFileReference; lastKnownFileType = image.jpeg; path = 48.jpg; sourceTree = "<group>"; };
		F467C4B51A9FE689006A48E7 /* 49.jpg */ = {isa = PBXFileReference; lastKnownFileType = image.jpeg; path = 49.jpg; sourceTree = "<group>"; };
		F467C4B61A9FE689006A48E7 /* 50.jpg */ = {isa = PBXFileReference; lastKnownFileType = image.jpeg; path = 50.jpg; sourceTree = "<group>"; };
		F467C4B71A9FE689006A48E7 /* 51.jpg */ = {isa = PBXFileReference; lastKnownFileType = image.jpeg; path = 51.jpg; sourceTree = "<group>"; };
		F467C4B81A9FE689006A48E7 /* 52.jpg */ = {isa = PBXFileReference; lastKnownFileType = image.jpeg; path = 52.jpg; sourceTree = "<group>"; };
		F467C4B91A9FE689006A48E7 /* 53.jpg */ = {isa = PBXFileReference; lastKnownFileType = image.jpeg; path = 53.jpg; sourceTree = "<group>"; };
		F467C4BA1A9FE689006A48E7 /* 54.jpg */ = {isa = PBXFileReference; lastKnownFileType = image.jpeg; path = 54.jpg; sourceTree = "<group>"; };
		F467C4BB1A9FE689006A48E7 /* 55.jpg */ = {isa = PBXFileReference; lastKnownFileType = image.jpeg; path = 55.jpg; sourceTree = "<group>"; };
		F467C4BC1A9FE689006A48E7 /* 56.jpg */ = {isa = PBXFileReference; lastKnownFileType = image.jpeg; path = 56.jpg; sourceTree = "<group>"; };
		F467C4BD1A9FE689006A48E7 /* 57.jpg */ = {isa = PBXFileReference; lastKnownFileType = image.jpeg; path = 57.jpg; sourceTree = "<group>"; };
		F467C4BE1A9FE689006A48E7 /* 58.jpg */ = {isa = PBXFileReference; lastKnownFileType = image.jpeg; path = 58.jpg; sourceTree = "<group>"; };
		F467C4BF1A9FE689006A48E7 /* 59.jpg */ = {isa = PBXFileReference; lastKnownFileType = image.jpeg; path = 59.jpg; sourceTree = "<group>"; };
		F467C4C01A9FE689006A48E7 /* 60.jpg */ = {isa = PBXFileReference; lastKnownFileType = image.jpeg; path = 60.jpg; sourceTree = "<group>"; };
		F467C4C11A9FE689006A48E7 /* 61.jpg */ = {isa = PBXFileReference; lastKnownFileType = image.jpeg; path = 61.jpg; sourceTree = "<group>"; };
		F467C4C21A9FE689006A48E7 /* 62.jpg */ = {isa = PBXFileReference; lastKnownFileType = image.jpeg; path = 62.jpg; sourceTree = "<group>"; };
		F467C4C31A9FE689006A48E7 /* 63.jpg */ = {isa = PBXFileReference; lastKnownFileType = image.jpeg; path = 63.jpg; sourceTree = "<group>"; };
		F467C4C41A9FE689006A48E7 /* 64.jpg */ = {isa = PBXFileReference; lastKnownFileType = image.jpeg; path = 64.jpg; sourceTree = "<group>"; };
		F467C4C51A9FE689006A48E7 /* 65.jpg */ = {isa = PBXFileReference; lastKnownFileType = image.jpeg; path = 65.jpg; sourceTree = "<group>"; };
		F467C4C61A9FE689006A48E7 /* 66.jpg */ = {isa = PBXFileReference; lastKnownFileType = image.jpeg; path = 66.jpg; sourceTree = "<group>"; };
		F467C4C71A9FE689006A48E7 /* 67.jpg */ = {isa = PBXFileReference; lastKnownFileType = image.jpeg; path = 67.jpg; sourceTree = "<group>"; };
		F467C4C81A9FE689006A48E7 /* 68.jpg */ = {isa = PBXFileReference; lastKnownFileType = image.jpeg; path = 68.jpg; sourceTree = "<group>"; };
		F467C4C91A9FE689006A48E7 /* 69.jpg */ = {isa = PBXFileReference; lastKnownFileType = image.jpeg; path = 69.jpg; sourceTree = "<group>"; };
		F467C4CA1A9FE689006A48E7 /* 70.jpg */ = {isa = PBXFileReference; lastKnownFileType = image.jpeg; path = 70.jpg; sourceTree = "<group>"; };
		F467C4CB1A9FE689006A48E7 /* 71.jpg */ = {isa = PBXFileReference; lastKnownFileType = image.jpeg; path = 71.jpg; sourceTree = "<group>"; };
		F467C4CC1A9FE689006A48E7 /* 72.jpg */ = {isa = PBXFileReference; lastKnownFileType = image.jpeg; path = 72.jpg; sourceTree = "<group>"; };
		F467C4CD1A9FE689006A48E7 /* 73.jpg */ = {isa = PBXFileReference; lastKnownFileType = image.jpeg; path = 73.jpg; sourceTree = "<group>"; };
		F467C4CE1A9FE689006A48E7 /* 74.jpg */ = {isa = PBXFileReference; lastKnownFileType = image.jpeg; path = 74.jpg; sourceTree = "<group>"; };
		F467C4CF1A9FE689006A48E7 /* 75.jpg */ = {isa = PBXFileReference; lastKnownFileType = image.jpeg; path = 75.jpg; sourceTree = "<group>"; };
		F467C4D01A9FE689006A48E7 /* 76.jpg */ = {isa = PBXFileReference; lastKnownFileType = image.jpeg; path = 76.jpg; sourceTree = "<group>"; };
		F467C4D11A9FE689006A48E7 /* 77.jpg */ = {isa = PBXFileReference; lastKnownFileType = image.jpeg; path = 77.jpg; sourceTree = "<group>"; };
		F467C4D21A9FE689006A48E7 /* 78.jpg */ = {isa = PBXFileReference; lastKnownFileType = image.jpeg; path = 78.jpg; sourceTree = "<group>"; };
		F467C4D31A9FE689006A48E7 /* 79.jpg */ = {isa = PBXFileReference; lastKnownFileType = image.jpeg; path = 79.jpg; sourceTree = "<group>"; };
		F467C4D41A9FE689006A48E7 /* 80.jpg */ = {isa = PBXFileReference; lastKnownFileType = image.jpeg; path = 80.jpg; sourceTree = "<group>"; };
		F467C4D51A9FE689006A48E7 /* 81.jpg */ = {isa = PBXFileReference; lastKnownFileType = image.jpeg; path = 81.jpg; sourceTree = "<group>"; };
		F467C4D61A9FE689006A48E7 /* 82.jpg */ = {isa = PBXFileReference; lastKnownFileType = image.jpeg; path = 82.jpg; sourceTree = "<group>"; };
		F467C4D71A9FE689006A48E7 /* 83.jpg */ = {isa = PBXFileReference; lastKnownFileType = image.jpeg; path = 83.jpg; sourceTree = "<group>"; };
		F467C4D81A9FE689006A48E7 /* 84.jpg */ = {isa = PBXFileReference; lastKnownFileType = image.jpeg; path = 84.jpg; sourceTree = "<group>"; };
		F467C4D91A9FE689006A48E7 /* 85.jpg */ = {isa = PBXFileReference; lastKnownFileType = image.jpeg; path = 85.jpg; sourceTree = "<group>"; };
		F467C4DA1A9FE689006A48E7 /* 86.jpg */ = {isa = PBXFileReference; lastKnownFileType = image.jpeg; path = 86.jpg; sourceTree = "<group>"; };
		F467C4DB1A9FE689006A48E7 /* 87.jpg */ = {isa = PBXFileReference; lastKnownFileType = image.jpeg; path = 87.jpg; sourceTree = "<group>"; };
		F467C4DC1A9FE689006A48E7 /* 88.jpg */ = {isa = PBXFileReference; lastKnownFileType = image.jpeg; path = 88.jpg; sourceTree = "<group>"; };
		F467C4DD1A9FE689006A48E7 /* 89.jpg */ = {isa = PBXFileReference; lastKnownFileType = image.jpeg; path = 89.jpg; sourceTree = "<group>"; };
		F467C4DE1A9FE689006A48E7 /* 90.jpg */ = {isa = PBXFileReference; lastKnownFileType = image.jpeg; path = 90.jpg; sourceTree = "<group>"; };
		F467C4DF1A9FE689006A48E7 /* 91.jpg */ = {isa = PBXFileReference; lastKnownFileType = image.jpeg; path = 91.jpg; sourceTree = "<group>"; };
		F467C4E01A9FE689006A48E7 /* 92.jpg */ = {isa = PBXFileReference; lastKnownFileType = image.jpeg; path = 92.jpg; sourceTree = "<group>"; };
		F467C4E11A9FE689006A48E7 /* 93.jpg */ = {isa = PBXFileReference; lastKnownFileType = image.jpeg; path = 93.jpg; sourceTree = "<group>"; };
		F467C4E21A9FE689006A48E7 /* 94.jpg */ = {isa = PBXFileReference; lastKnownFileType = image.jpeg; path = 94.jpg; sourceTree = "<group>"; };
		F467C4E31A9FE689006A48E7 /* 95.jpg */ = {isa = PBXFileReference; lastKnownFileType = image.jpeg; path = 95.jpg; sourceTree = "<group>"; };
		F467C4E41A9FE689006A48E7 /* 96.jpg */ = {isa = PBXFileReference; lastKnownFileType = image.jpeg; path = 96.jpg; sourceTree = "<group>"; };
		F467C4E51A9FE689006A48E7 /* 97.jpg */ = {isa = PBXFileReference; lastKnownFileType = image.jpeg; path = 97.jpg; sourceTree = "<group>"; };
		F467C4E61A9FE689006A48E7 /* 98.jpg */ = {isa = PBXFileReference; lastKnownFileType = image.jpeg; path = 98.jpg; sourceTree = "<group>"; };
		F467C4E71A9FE689006A48E7 /* 99.jpg */ = {isa = PBXFileReference; lastKnownFileType = image.jpeg; path = 99.jpg; sourceTree = "<group>"; };
		F467C54B1A9FFD05006A48E7 /* Rating.swift */ = {isa = PBXFileReference; fileEncoding = 4; lastKnownFileType = sourcecode.swift; path = Rating.swift; sourceTree = "<group>"; };
/* End PBXFileReference section */

/* Begin PBXFrameworksBuildPhase section */
		F467C45C1A9FE62F006A48E7 /* Frameworks */ = {
			isa = PBXFrameworksBuildPhase;
			buildActionMask = 2147483647;
			files = (
			);
			runOnlyForDeploymentPostprocessing = 0;
		};
		F467C4711A9FE62F006A48E7 /* Frameworks */ = {
			isa = PBXFrameworksBuildPhase;
			buildActionMask = 2147483647;
			files = (
			);
			runOnlyForDeploymentPostprocessing = 0;
		};
/* End PBXFrameworksBuildPhase section */

/* Begin PBXGroup section */
		F467C4561A9FE62F006A48E7 = {
			isa = PBXGroup;
			children = (
				F467C4611A9FE62F006A48E7 /* PhotoSwipr */,
				F467C4771A9FE62F006A48E7 /* PhotoSwiprTests */,
				F467C4601A9FE62F006A48E7 /* Products */,
			);
			sourceTree = "<group>";
		};
		F467C4601A9FE62F006A48E7 /* Products */ = {
			isa = PBXGroup;
			children = (
				F467C45F1A9FE62F006A48E7 /* PhotoSwipr.app */,
				F467C4741A9FE62F006A48E7 /* PhotoSwiprTests.xctest */,
			);
			name = Products;
			sourceTree = "<group>";
		};
		F467C4611A9FE62F006A48E7 /* PhotoSwipr */ = {
			isa = PBXGroup;
			children = (
				F467C4841A9FE689006A48E7 /* usersthink-free-photos */,
				F467C4641A9FE62F006A48E7 /* AppDelegate.swift */,
				F467C4661A9FE62F006A48E7 /* ViewController.swift */,
				F467C54B1A9FFD05006A48E7 /* Rating.swift */,
				F467C4681A9FE62F006A48E7 /* Main.storyboard */,
				F467C46B1A9FE62F006A48E7 /* Images.xcassets */,
				F467C46D1A9FE62F006A48E7 /* LaunchScreen.xib */,
				F467C4621A9FE62F006A48E7 /* Supporting Files */,
			);
			path = PhotoSwipr;
			sourceTree = "<group>";
		};
		F467C4621A9FE62F006A48E7 /* Supporting Files */ = {
			isa = PBXGroup;
			children = (
				F467C4631A9FE62F006A48E7 /* Info.plist */,
			);
			name = "Supporting Files";
			sourceTree = "<group>";
		};
		F467C4771A9FE62F006A48E7 /* PhotoSwiprTests */ = {
			isa = PBXGroup;
			children = (
				F467C47A1A9FE62F006A48E7 /* PhotoSwiprTests.swift */,
				F467C4781A9FE62F006A48E7 /* Supporting Files */,
			);
			path = PhotoSwiprTests;
			sourceTree = "<group>";
		};
		F467C4781A9FE62F006A48E7 /* Supporting Files */ = {
			isa = PBXGroup;
			children = (
				F467C4791A9FE62F006A48E7 /* Info.plist */,
			);
			name = "Supporting Files";
			sourceTree = "<group>";
		};
		F467C4841A9FE689006A48E7 /* usersthink-free-photos */ = {
			isa = PBXGroup;
			children = (
				F467C4851A9FE689006A48E7 /* 01.jpg */,
				F467C4861A9FE689006A48E7 /* 02.jpg */,
				F467C4871A9FE689006A48E7 /* 03.jpg */,
				F467C4881A9FE689006A48E7 /* 04.jpg */,
				F467C4891A9FE689006A48E7 /* 05.jpg */,
				F467C48A1A9FE689006A48E7 /* 06.jpg */,
				F467C48B1A9FE689006A48E7 /* 07.jpg */,
				F467C48C1A9FE689006A48E7 /* 08.jpg */,
				F467C48D1A9FE689006A48E7 /* 09.jpg */,
				F467C48E1A9FE689006A48E7 /* 10.jpg */,
				F467C48F1A9FE689006A48E7 /* 11.jpg */,
				F467C4901A9FE689006A48E7 /* 12.jpg */,
				F467C4911A9FE689006A48E7 /* 13.jpg */,
				F467C4921A9FE689006A48E7 /* 14.jpg */,
				F467C4931A9FE689006A48E7 /* 15.jpg */,
				F467C4941A9FE689006A48E7 /* 16.jpg */,
				F467C4951A9FE689006A48E7 /* 17.jpg */,
				F467C4961A9FE689006A48E7 /* 18.jpg */,
				F467C4971A9FE689006A48E7 /* 19.jpg */,
				F467C4981A9FE689006A48E7 /* 20.jpg */,
				F467C4991A9FE689006A48E7 /* 21.jpg */,
				F467C49A1A9FE689006A48E7 /* 22.jpg */,
				F467C49B1A9FE689006A48E7 /* 23.jpg */,
				F467C49C1A9FE689006A48E7 /* 24.jpg */,
				F467C49D1A9FE689006A48E7 /* 25.jpg */,
				F467C49E1A9FE689006A48E7 /* 26.jpg */,
				F467C49F1A9FE689006A48E7 /* 27.jpg */,
				F467C4A01A9FE689006A48E7 /* 28.jpg */,
				F467C4A11A9FE689006A48E7 /* 29.jpg */,
				F467C4A21A9FE689006A48E7 /* 30.jpg */,
				F467C4A31A9FE689006A48E7 /* 31.jpg */,
				F467C4A41A9FE689006A48E7 /* 32.jpg */,
				F467C4A51A9FE689006A48E7 /* 33.jpg */,
				F467C4A61A9FE689006A48E7 /* 34.jpg */,
				F467C4A71A9FE689006A48E7 /* 35.jpg */,
				F467C4A81A9FE689006A48E7 /* 36.jpg */,
				F467C4A91A9FE689006A48E7 /* 37.jpg */,
				F467C4AA1A9FE689006A48E7 /* 38.jpg */,
				F467C4AB1A9FE689006A48E7 /* 39.jpg */,
				F467C4AC1A9FE689006A48E7 /* 40.jpg */,
				F467C4AD1A9FE689006A48E7 /* 41.jpg */,
				F467C4AE1A9FE689006A48E7 /* 42.jpg */,
				F467C4AF1A9FE689006A48E7 /* 43.jpg */,
				F467C4B01A9FE689006A48E7 /* 44.jpg */,
				F467C4B11A9FE689006A48E7 /* 45.jpg */,
				F467C4B21A9FE689006A48E7 /* 46.jpg */,
				F467C4B31A9FE689006A48E7 /* 47.jpg */,
				F467C4B41A9FE689006A48E7 /* 48.jpg */,
				F467C4B51A9FE689006A48E7 /* 49.jpg */,
				F467C4B61A9FE689006A48E7 /* 50.jpg */,
				F467C4B71A9FE689006A48E7 /* 51.jpg */,
				F467C4B81A9FE689006A48E7 /* 52.jpg */,
				F467C4B91A9FE689006A48E7 /* 53.jpg */,
				F467C4BA1A9FE689006A48E7 /* 54.jpg */,
				F467C4BB1A9FE689006A48E7 /* 55.jpg */,
				F467C4BC1A9FE689006A48E7 /* 56.jpg */,
				F467C4BD1A9FE689006A48E7 /* 57.jpg */,
				F467C4BE1A9FE689006A48E7 /* 58.jpg */,
				F467C4BF1A9FE689006A48E7 /* 59.jpg */,
				F467C4C01A9FE689006A48E7 /* 60.jpg */,
				F467C4C11A9FE689006A48E7 /* 61.jpg */,
				F467C4C21A9FE689006A48E7 /* 62.jpg */,
				F467C4C31A9FE689006A48E7 /* 63.jpg */,
				F467C4C41A9FE689006A48E7 /* 64.jpg */,
				F467C4C51A9FE689006A48E7 /* 65.jpg */,
				F467C4C61A9FE689006A48E7 /* 66.jpg */,
				F467C4C71A9FE689006A48E7 /* 67.jpg */,
				F467C4C81A9FE689006A48E7 /* 68.jpg */,
				F467C4C91A9FE689006A48E7 /* 69.jpg */,
				F467C4CA1A9FE689006A48E7 /* 70.jpg */,
				F467C4CB1A9FE689006A48E7 /* 71.jpg */,
				F467C4CC1A9FE689006A48E7 /* 72.jpg */,
				F467C4CD1A9FE689006A48E7 /* 73.jpg */,
				F467C4CE1A9FE689006A48E7 /* 74.jpg */,
				F467C4CF1A9FE689006A48E7 /* 75.jpg */,
				F467C4D01A9FE689006A48E7 /* 76.jpg */,
				F467C4D11A9FE689006A48E7 /* 77.jpg */,
				F467C4D21A9FE689006A48E7 /* 78.jpg */,
				F467C4D31A9FE689006A48E7 /* 79.jpg */,
				F467C4D41A9FE689006A48E7 /* 80.jpg */,
				F467C4D51A9FE689006A48E7 /* 81.jpg */,
				F467C4D61A9FE689006A48E7 /* 82.jpg */,
				F467C4D71A9FE689006A48E7 /* 83.jpg */,
				F467C4D81A9FE689006A48E7 /* 84.jpg */,
				F467C4D91A9FE689006A48E7 /* 85.jpg */,
				F467C4DA1A9FE689006A48E7 /* 86.jpg */,
				F467C4DB1A9FE689006A48E7 /* 87.jpg */,
				F467C4DC1A9FE689006A48E7 /* 88.jpg */,
				F467C4DD1A9FE689006A48E7 /* 89.jpg */,
				F467C4DE1A9FE689006A48E7 /* 90.jpg */,
				F467C4DF1A9FE689006A48E7 /* 91.jpg */,
				F467C4E01A9FE689006A48E7 /* 92.jpg */,
				F467C4E11A9FE689006A48E7 /* 93.jpg */,
				F467C4E21A9FE689006A48E7 /* 94.jpg */,
				F467C4E31A9FE689006A48E7 /* 95.jpg */,
				F467C4E41A9FE689006A48E7 /* 96.jpg */,
				F467C4E51A9FE689006A48E7 /* 97.jpg */,
				F467C4E61A9FE689006A48E7 /* 98.jpg */,
				F467C4E71A9FE689006A48E7 /* 99.jpg */,
			);
			path = "usersthink-free-photos";
			sourceTree = "<group>";
		};
/* End PBXGroup section */

/* Begin PBXNativeTarget section */
		F467C45E1A9FE62F006A48E7 /* PhotoSwipr */ = {
			isa = PBXNativeTarget;
			buildConfigurationList = F467C47E1A9FE62F006A48E7 /* Build configuration list for PBXNativeTarget "PhotoSwipr" */;
			buildPhases = (
				F467C45B1A9FE62F006A48E7 /* Sources */,
				F467C45C1A9FE62F006A48E7 /* Frameworks */,
				F467C45D1A9FE62F006A48E7 /* Resources */,
			);
			buildRules = (
			);
			dependencies = (
			);
			name = PhotoSwipr;
			productName = PhotoSwipr;
			productReference = F467C45F1A9FE62F006A48E7 /* PhotoSwipr.app */;
			productType = "com.apple.product-type.application";
		};
		F467C4731A9FE62F006A48E7 /* PhotoSwiprTests */ = {
			isa = PBXNativeTarget;
			buildConfigurationList = F467C4811A9FE62F006A48E7 /* Build configuration list for PBXNativeTarget "PhotoSwiprTests" */;
			buildPhases = (
				F467C4701A9FE62F006A48E7 /* Sources */,
				F467C4711A9FE62F006A48E7 /* Frameworks */,
				F467C4721A9FE62F006A48E7 /* Resources */,
			);
			buildRules = (
			);
			dependencies = (
				F467C4761A9FE62F006A48E7 /* PBXTargetDependency */,
			);
			name = PhotoSwiprTests;
			productName = PhotoSwiprTests;
			productReference = F467C4741A9FE62F006A48E7 /* PhotoSwiprTests.xctest */;
			productType = "com.apple.product-type.bundle.unit-test";
		};
/* End PBXNativeTarget section */

/* Begin PBXProject section */
		F467C4571A9FE62F006A48E7 /* Project object */ = {
			isa = PBXProject;
			attributes = {
				LastUpgradeCheck = 0610;
				ORGANIZATIONNAME = "Arun Nagarajan";
				TargetAttributes = {
					F467C45E1A9FE62F006A48E7 = {
						CreatedOnToolsVersion = 6.1.1;
					};
					F467C4731A9FE62F006A48E7 = {
						CreatedOnToolsVersion = 6.1.1;
						TestTargetID = F467C45E1A9FE62F006A48E7;
					};
				};
			};
			buildConfigurationList = F467C45A1A9FE62F006A48E7 /* Build configuration list for PBXProject "PhotoSwipr" */;
			compatibilityVersion = "Xcode 3.2";
			developmentRegion = English;
			hasScannedForEncodings = 0;
			knownRegions = (
				en,
				Base,
			);
			mainGroup = F467C4561A9FE62F006A48E7;
			productRefGroup = F467C4601A9FE62F006A48E7 /* Products */;
			projectDirPath = "";
			projectRoot = "";
			targets = (
				F467C45E1A9FE62F006A48E7 /* PhotoSwipr */,
				F467C4731A9FE62F006A48E7 /* PhotoSwiprTests */,
			);
		};
/* End PBXProject section */

/* Begin PBXResourcesBuildPhase section */
		F467C45D1A9FE62F006A48E7 /* Resources */ = {
			isa = PBXResourcesBuildPhase;
			buildActionMask = 2147483647;
			files = (
				F467C5261A9FE689006A48E7 /* 63.jpg in Resources */,
				F467C5491A9FE689006A48E7 /* 98.jpg in Resources */,
				F467C5251A9FE689006A48E7 /* 62.jpg in Resources */,
				F467C54A1A9FE689006A48E7 /* 99.jpg in Resources */,
				F467C50F1A9FE689006A48E7 /* 40.jpg in Resources */,
				F467C50B1A9FE689006A48E7 /* 36.jpg in Resources */,
				F467C5131A9FE689006A48E7 /* 44.jpg in Resources */,
				F467C5071A9FE689006A48E7 /* 32.jpg in Resources */,
				F467C53D1A9FE689006A48E7 /* 86.jpg in Resources */,
				F467C5041A9FE689006A48E7 /* 29.jpg in Resources */,
				F467C4FE1A9FE689006A48E7 /* 23.jpg in Resources */,
				F467C5111A9FE689006A48E7 /* 42.jpg in Resources */,
				F467C4F11A9FE689006A48E7 /* 10.jpg in Resources */,
				F467C5391A9FE689006A48E7 /* 82.jpg in Resources */,
				F467C52A1A9FE689006A48E7 /* 67.jpg in Resources */,
				F467C5011A9FE689006A48E7 /* 26.jpg in Resources */,
				F467C53B1A9FE689006A48E7 /* 84.jpg in Resources */,
				F467C5121A9FE689006A48E7 /* 43.jpg in Resources */,
				F467C4EE1A9FE689006A48E7 /* 07.jpg in Resources */,
				F467C4FB1A9FE689006A48E7 /* 20.jpg in Resources */,
				F467C4EA1A9FE689006A48E7 /* 03.jpg in Resources */,
				F467C4EF1A9FE689006A48E7 /* 08.jpg in Resources */,
				F467C5141A9FE689006A48E7 /* 45.jpg in Resources */,
				F467C5471A9FE689006A48E7 /* 96.jpg in Resources */,
				F467C5311A9FE689006A48E7 /* 74.jpg in Resources */,
				F467C51B1A9FE689006A48E7 /* 52.jpg in Resources */,
				F467C51D1A9FE689006A48E7 /* 54.jpg in Resources */,
				F467C4E91A9FE689006A48E7 /* 02.jpg in Resources */,
				F467C4F91A9FE689006A48E7 /* 18.jpg in Resources */,
				F467C53F1A9FE689006A48E7 /* 88.jpg in Resources */,
				F467C4F81A9FE689006A48E7 /* 17.jpg in Resources */,
				F467C5061A9FE689006A48E7 /* 31.jpg in Resources */,
				F467C5021A9FE689006A48E7 /* 27.jpg in Resources */,
				F467C5411A9FE689006A48E7 /* 90.jpg in Resources */,
				F467C52E1A9FE689006A48E7 /* 71.jpg in Resources */,
				F467C5281A9FE689006A48E7 /* 65.jpg in Resources */,
				F467C5441A9FE689006A48E7 /* 93.jpg in Resources */,
				F467C5371A9FE689006A48E7 /* 80.jpg in Resources */,
				F467C5161A9FE689006A48E7 /* 47.jpg in Resources */,
				F467C5431A9FE689006A48E7 /* 92.jpg in Resources */,
				F467C5351A9FE689006A48E7 /* 78.jpg in Resources */,
				F467C5211A9FE689006A48E7 /* 58.jpg in Resources */,
				F467C5231A9FE689006A48E7 /* 60.jpg in Resources */,
				F467C5271A9FE689006A48E7 /* 64.jpg in Resources */,
				F467C50C1A9FE689006A48E7 /* 37.jpg in Resources */,
				F467C5051A9FE689006A48E7 /* 30.jpg in Resources */,
				F467C5451A9FE689006A48E7 /* 94.jpg in Resources */,
				F467C5481A9FE689006A48E7 /* 97.jpg in Resources */,
				F467C5421A9FE689006A48E7 /* 91.jpg in Resources */,
				F467C5201A9FE689006A48E7 /* 57.jpg in Resources */,
				F467C5341A9FE689006A48E7 /* 77.jpg in Resources */,
				F467C5241A9FE689006A48E7 /* 61.jpg in Resources */,
				F467C5301A9FE689006A48E7 /* 73.jpg in Resources */,
				F467C52F1A9FE689006A48E7 /* 72.jpg in Resources */,
				F467C4F31A9FE689006A48E7 /* 12.jpg in Resources */,
				F467C4F21A9FE689006A48E7 /* 11.jpg in Resources */,
				F467C5191A9FE689006A48E7 /* 50.jpg in Resources */,
				F467C50D1A9FE689006A48E7 /* 38.jpg in Resources */,
				F467C5181A9FE689006A48E7 /* 49.jpg in Resources */,
				F467C5461A9FE689006A48E7 /* 95.jpg in Resources */,
				F467C4FD1A9FE689006A48E7 /* 22.jpg in Resources */,
				F467C50E1A9FE689006A48E7 /* 39.jpg in Resources */,
				F467C4FA1A9FE689006A48E7 /* 19.jpg in Resources */,
				F467C4EC1A9FE689006A48E7 /* 05.jpg in Resources */,
				F467C5031A9FE689006A48E7 /* 28.jpg in Resources */,
				F467C52D1A9FE689006A48E7 /* 70.jpg in Resources */,
				F467C52B1A9FE689006A48E7 /* 68.jpg in Resources */,
				F467C4F51A9FE689006A48E7 /* 14.jpg in Resources */,
				F467C4ED1A9FE689006A48E7 /* 06.jpg in Resources */,
				F467C4F41A9FE689006A48E7 /* 13.jpg in Resources */,
				F467C53C1A9FE689006A48E7 /* 85.jpg in Resources */,
				F467C51C1A9FE689006A48E7 /* 53.jpg in Resources */,
				F467C4F01A9FE689006A48E7 /* 09.jpg in Resources */,
				F467C51A1A9FE689006A48E7 /* 51.jpg in Resources */,
				F467C5101A9FE689006A48E7 /* 41.jpg in Resources */,
				F467C4FC1A9FE689006A48E7 /* 21.jpg in Resources */,
				F467C5401A9FE689006A48E7 /* 89.jpg in Resources */,
				F467C5151A9FE689006A48E7 /* 46.jpg in Resources */,
				F467C5171A9FE689006A48E7 /* 48.jpg in Resources */,
				F467C53A1A9FE689006A48E7 /* 83.jpg in Resources */,
				F467C46A1A9FE62F006A48E7 /* Main.storyboard in Resources */,
				F467C51F1A9FE689006A48E7 /* 56.jpg in Resources */,
				F467C53E1A9FE689006A48E7 /* 87.jpg in Resources */,
				F467C5081A9FE689006A48E7 /* 33.jpg in Resources */,
				F467C5001A9FE689006A48E7 /* 25.jpg in Resources */,
				F467C46F1A9FE62F006A48E7 /* LaunchScreen.xib in Resources */,
				F467C5321A9FE689006A48E7 /* 75.jpg in Resources */,
				F467C52C1A9FE689006A48E7 /* 69.jpg in Resources */,
				F467C4EB1A9FE689006A48E7 /* 04.jpg in Resources */,
				F467C5221A9FE689006A48E7 /* 59.jpg in Resources */,
				F467C5291A9FE689006A48E7 /* 66.jpg in Resources */,
				F467C4FF1A9FE689006A48E7 /* 24.jpg in Resources */,
				F467C51E1A9FE689006A48E7 /* 55.jpg in Resources */,
				F467C5091A9FE689006A48E7 /* 34.jpg in Resources */,
				F467C5361A9FE689006A48E7 /* 79.jpg in Resources */,
				F467C5331A9FE689006A48E7 /* 76.jpg in Resources */,
				F467C4E81A9FE689006A48E7 /* 01.jpg in Resources */,
				F467C4F71A9FE689006A48E7 /* 16.jpg in Resources */,
				F467C50A1A9FE689006A48E7 /* 35.jpg in Resources */,
				F467C46C1A9FE62F006A48E7 /* Images.xcassets in Resources */,
				F467C5381A9FE689006A48E7 /* 81.jpg in Resources */,
				F467C4F61A9FE689006A48E7 /* 15.jpg in Resources */,
			);
			runOnlyForDeploymentPostprocessing = 0;
		};
		F467C4721A9FE62F006A48E7 /* Resources */ = {
			isa = PBXResourcesBuildPhase;
			buildActionMask = 2147483647;
			files = (
			);
			runOnlyForDeploymentPostprocessing = 0;
		};
/* End PBXResourcesBuildPhase section */

/* Begin PBXSourcesBuildPhase section */
		F467C45B1A9FE62F006A48E7 /* Sources */ = {
			isa = PBXSourcesBuildPhase;
			buildActionMask = 2147483647;
			files = (
				F467C54C1A9FFD05006A48E7 /* Rating.swift in Sources */,
				F467C4671A9FE62F006A48E7 /* ViewController.swift in Sources */,
				F467C4651A9FE62F006A48E7 /* AppDelegate.swift in Sources */,
			);
			runOnlyForDeploymentPostprocessing = 0;
		};
		F467C4701A9FE62F006A48E7 /* Sources */ = {
			isa = PBXSourcesBuildPhase;
			buildActionMask = 2147483647;
			files = (
				F467C47B1A9FE62F006A48E7 /* PhotoSwiprTests.swift in Sources */,
			);
			runOnlyForDeploymentPostprocessing = 0;
		};
/* End PBXSourcesBuildPhase section */

/* Begin PBXTargetDependency section */
		F467C4761A9FE62F006A48E7 /* PBXTargetDependency */ = {
			isa = PBXTargetDependency;
			target = F467C45E1A9FE62F006A48E7 /* PhotoSwipr */;
			targetProxy = F467C4751A9FE62F006A48E7 /* PBXContainerItemProxy */;
		};
/* End PBXTargetDependency section */

/* Begin PBXVariantGroup section */
		F467C4681A9FE62F006A48E7 /* Main.storyboard */ = {
			isa = PBXVariantGroup;
			children = (
				F467C4691A9FE62F006A48E7 /* Base */,
			);
			name = Main.storyboard;
			sourceTree = "<group>";
		};
		F467C46D1A9FE62F006A48E7 /* LaunchScreen.xib */ = {
			isa = PBXVariantGroup;
			children = (
				F467C46E1A9FE62F006A48E7 /* Base */,
			);
			name = LaunchScreen.xib;
			sourceTree = "<group>";
		};
/* End PBXVariantGroup section */

/* Begin XCBuildConfiguration section */
		F467C47C1A9FE62F006A48E7 /* Debug */ = {
			isa = XCBuildConfiguration;
			buildSettings = {
				ALWAYS_SEARCH_USER_PATHS = NO;
				CLANG_CXX_LANGUAGE_STANDARD = "gnu++0x";
				CLANG_CXX_LIBRARY = "libc++";
				CLANG_ENABLE_MODULES = YES;
				CLANG_ENABLE_OBJC_ARC = YES;
				CLANG_WARN_BOOL_CONVERSION = YES;
				CLANG_WARN_CONSTANT_CONVERSION = YES;
				CLANG_WARN_DIRECT_OBJC_ISA_USAGE = YES_ERROR;
				CLANG_WARN_EMPTY_BODY = YES;
				CLANG_WARN_ENUM_CONVERSION = YES;
				CLANG_WARN_INT_CONVERSION = YES;
				CLANG_WARN_OBJC_ROOT_CLASS = YES_ERROR;
				CLANG_WARN_UNREACHABLE_CODE = YES;
				CLANG_WARN__DUPLICATE_METHOD_MATCH = YES;
				"CODE_SIGN_IDENTITY[sdk=iphoneos*]" = "iPhone Developer";
				COPY_PHASE_STRIP = NO;
				ENABLE_STRICT_OBJC_MSGSEND = YES;
				GCC_C_LANGUAGE_STANDARD = gnu99;
				GCC_DYNAMIC_NO_PIC = NO;
				GCC_OPTIMIZATION_LEVEL = 0;
				GCC_PREPROCESSOR_DEFINITIONS = (
					"DEBUG=1",
					"$(inherited)",
				);
				GCC_SYMBOLS_PRIVATE_EXTERN = NO;
				GCC_WARN_64_TO_32_BIT_CONVERSION = YES;
				GCC_WARN_ABOUT_RETURN_TYPE = YES_ERROR;
				GCC_WARN_UNDECLARED_SELECTOR = YES;
				GCC_WARN_UNINITIALIZED_AUTOS = YES_AGGRESSIVE;
				GCC_WARN_UNUSED_FUNCTION = YES;
				GCC_WARN_UNUSED_VARIABLE = YES;
				IPHONEOS_DEPLOYMENT_TARGET = 8.1;
				MTL_ENABLE_DEBUG_INFO = YES;
				ONLY_ACTIVE_ARCH = YES;
				SDKROOT = iphoneos;
				SWIFT_OPTIMIZATION_LEVEL = "-Onone";
				TARGETED_DEVICE_FAMILY = "1,2";
			};
			name = Debug;
		};
		F467C47D1A9FE62F006A48E7 /* Release */ = {
			isa = XCBuildConfiguration;
			buildSettings = {
				ALWAYS_SEARCH_USER_PATHS = NO;
				CLANG_CXX_LANGUAGE_STANDARD = "gnu++0x";
				CLANG_CXX_LIBRARY = "libc++";
				CLANG_ENABLE_MODULES = YES;
				CLANG_ENABLE_OBJC_ARC = YES;
				CLANG_WARN_BOOL_CONVERSION = YES;
				CLANG_WARN_CONSTANT_CONVERSION = YES;
				CLANG_WARN_DIRECT_OBJC_ISA_USAGE = YES_ERROR;
				CLANG_WARN_EMPTY_BODY = YES;
				CLANG_WARN_ENUM_CONVERSION = YES;
				CLANG_WARN_INT_CONVERSION = YES;
				CLANG_WARN_OBJC_ROOT_CLASS = YES_ERROR;
				CLANG_WARN_UNREACHABLE_CODE = YES;
				CLANG_WARN__DUPLICATE_METHOD_MATCH = YES;
				"CODE_SIGN_IDENTITY[sdk=iphoneos*]" = "iPhone Developer";
				COPY_PHASE_STRIP = YES;
				ENABLE_NS_ASSERTIONS = NO;
				ENABLE_STRICT_OBJC_MSGSEND = YES;
				GCC_C_LANGUAGE_STANDARD = gnu99;
				GCC_WARN_64_TO_32_BIT_CONVERSION = YES;
				GCC_WARN_ABOUT_RETURN_TYPE = YES_ERROR;
				GCC_WARN_UNDECLARED_SELECTOR = YES;
				GCC_WARN_UNINITIALIZED_AUTOS = YES_AGGRESSIVE;
				GCC_WARN_UNUSED_FUNCTION = YES;
				GCC_WARN_UNUSED_VARIABLE = YES;
				IPHONEOS_DEPLOYMENT_TARGET = 8.1;
				MTL_ENABLE_DEBUG_INFO = NO;
				SDKROOT = iphoneos;
				TARGETED_DEVICE_FAMILY = "1,2";
				VALIDATE_PRODUCT = YES;
			};
			name = Release;
		};
		F467C47F1A9FE62F006A48E7 /* Debug */ = {
			isa = XCBuildConfiguration;
			buildSettings = {
				ASSETCATALOG_COMPILER_APPICON_NAME = AppIcon;
				INFOPLIST_FILE = PhotoSwipr/Info.plist;
				LD_RUNPATH_SEARCH_PATHS = "$(inherited) @executable_path/Frameworks";
				PRODUCT_NAME = "$(TARGET_NAME)";
			};
			name = Debug;
		};
		F467C4801A9FE62F006A48E7 /* Release */ = {
			isa = XCBuildConfiguration;
			buildSettings = {
				ASSETCATALOG_COMPILER_APPICON_NAME = AppIcon;
				INFOPLIST_FILE = PhotoSwipr/Info.plist;
				LD_RUNPATH_SEARCH_PATHS = "$(inherited) @executable_path/Frameworks";
				PRODUCT_NAME = "$(TARGET_NAME)";
			};
			name = Release;
		};
		F467C4821A9FE62F006A48E7 /* Debug */ = {
			isa = XCBuildConfiguration;
			buildSettings = {
				BUNDLE_LOADER = "$(TEST_HOST)";
				FRAMEWORK_SEARCH_PATHS = (
					"$(SDKROOT)/Developer/Library/Frameworks",
					"$(inherited)",
				);
				GCC_PREPROCESSOR_DEFINITIONS = (
					"DEBUG=1",
					"$(inherited)",
				);
				INFOPLIST_FILE = PhotoSwiprTests/Info.plist;
				LD_RUNPATH_SEARCH_PATHS = "$(inherited) @executable_path/Frameworks @loader_path/Frameworks";
				PRODUCT_NAME = "$(TARGET_NAME)";
				TEST_HOST = "$(BUILT_PRODUCTS_DIR)/PhotoSwipr.app/PhotoSwipr";
			};
			name = Debug;
		};
		F467C4831A9FE62F006A48E7 /* Release */ = {
			isa = XCBuildConfiguration;
			buildSettings = {
				BUNDLE_LOADER = "$(TEST_HOST)";
				FRAMEWORK_SEARCH_PATHS = (
					"$(SDKROOT)/Developer/Library/Frameworks",
					"$(inherited)",
				);
				INFOPLIST_FILE = PhotoSwiprTests/Info.plist;
				LD_RUNPATH_SEARCH_PATHS = "$(inherited) @executable_path/Frameworks @loader_path/Frameworks";
				PRODUCT_NAME = "$(TARGET_NAME)";
				TEST_HOST = "$(BUILT_PRODUCTS_DIR)/PhotoSwipr.app/PhotoSwipr";
			};
			name = Release;
		};
/* End XCBuildConfiguration section */

/* Begin XCConfigurationList section */
		F467C45A1A9FE62F006A48E7 /* Build configuration list for PBXProject "PhotoSwipr" */ = {
			isa = XCConfigurationList;
			buildConfigurations = (
				F467C47C1A9FE62F006A48E7 /* Debug */,
				F467C47D1A9FE62F006A48E7 /* Release */,
			);
			defaultConfigurationIsVisible = 0;
			defaultConfigurationName = Release;
		};
		F467C47E1A9FE62F006A48E7 /* Build configuration list for PBXNativeTarget "PhotoSwipr" */ = {
			isa = XCConfigurationList;
			buildConfigurations = (
				F467C47F1A9FE62F006A48E7 /* Debug */,
				F467C4801A9FE62F006A48E7 /* Release */,
			);
			defaultConfigurationIsVisible = 0;
			defaultConfigurationName = Release;
		};
		F467C4811A9FE62F006A48E7 /* Build configuration list for PBXNativeTarget "PhotoSwiprTests" */ = {
			isa = XCConfigurationList;
			buildConfigurations = (
				F467C4821A9FE62F006A48E7 /* Debug */,
				F467C4831A9FE62F006A48E7 /* Release */,
			);
			defaultConfigurationIsVisible = 0;
			defaultConfigurationName = Release;
		};
/* End XCConfigurationList section */
	};
	rootObject = F467C4571A9FE62F006A48E7 /* Project object */;
}
