// !$*UTF8*$!
{
	archiveVersion = 1;
	classes = {
	};
	objectVersion = 46;
	objects = {

/* Begin PBXBuildFile section */
		F4F645861AF2E78D0069C2CA /* AppDelegate.swift in Sources */ = {isa = PBXBuildFile; fileRef = F4F645851AF2E78D0069C2CA /* AppDelegate.swift */; };
		F4F645881AF2E78D0069C2CA /* ViewController.swift in Sources */ = {isa = PBXBuildFile; fileRef = F4F645871AF2E78D0069C2CA /* ViewController.swift */; };
		F4F6458B1AF2E78D0069C2CA /* Main.storyboard in Resources */ = {isa = PBXBuildFile; fileRef = F4F645891AF2E78D0069C2CA /* Main.storyboard */; };
		F4F6458D1AF2E78D0069C2CA /* Images.xcassets in Resources */ = {isa = PBXBuildFile; fileRef = F4F6458C1AF2E78D0069C2CA /* Images.xcassets */; };
		F4F645901AF2E78D0069C2CA /* LaunchScreen.xib in Resources */ = {isa = PBXBuildFile; fileRef = F4F6458E1AF2E78D0069C2CA /* LaunchScreen.xib */; };
		F4F6459C1AF2E78D0069C2CA /* ImageOverlayTests.swift in Sources */ = {isa = PBXBuildFile; fileRef = F4F6459B1AF2E78D0069C2CA /* ImageOverlayTests.swift */; };
		F4F645A91AF2E7E90069C2CA /* One.png in Resources */ = {isa = PBXBuildFile; fileRef = F4F645A51AF2E7E90069C2CA /* One.png */; };
		F4F645AA1AF2E7E90069C2CA /* someimage.png in Resources */ = {isa = PBXBuildFile; fileRef = F4F645A61AF2E7E90069C2CA /* someimage.png */; };
		F4F645AB1AF2E7E90069C2CA /* Three.png in Resources */ = {isa = PBXBuildFile; fileRef = F4F645A71AF2E7E90069C2CA /* Three.png */; };
		F4F645AC1AF2E7E90069C2CA /* Two.png in Resources */ = {isa = PBXBuildFile; fileRef = F4F645A81AF2E7E90069C2CA /* Two.png */; };
/* End PBXBuildFile section */

/* Begin PBXContainerItemProxy section */
		F4F645961AF2E78D0069C2CA /* PBXContainerItemProxy */ = {
			isa = PBXContainerItemProxy;
			containerPortal = F4F645781AF2E78D0069C2CA /* Project object */;
			proxyType = 1;
			remoteGlobalIDString = F4F6457F1AF2E78D0069C2CA;
			remoteInfo = ImageOverlay;
		};
/* End PBXContainerItemProxy section */

/* Begin PBXFileReference section */
		F4F645801AF2E78D0069C2CA /* ImageOverlay.app */ = {isa = PBXFileReference; explicitFileType = wrapper.application; includeInIndex = 0; path = ImageOverlay.app; sourceTree = BUILT_PRODUCTS_DIR; };
		F4F645841AF2E78D0069C2CA /* Info.plist */ = {isa = PBXFileReference; lastKnownFileType = text.plist.xml; path = Info.plist; sourceTree = "<group>"; };
		F4F645851AF2E78D0069C2CA /* AppDelegate.swift */ = {isa = PBXFileReference; lastKnownFileType = sourcecode.swift; path = AppDelegate.swift; sourceTree = "<group>"; };
		F4F645871AF2E78D0069C2CA /* ViewController.swift */ = {isa = PBXFileReference; lastKnownFileType = sourcecode.swift; path = ViewController.swift; sourceTree = "<group>"; };
		F4F6458A1AF2E78D0069C2CA /* Base */ = {isa = PBXFileReference; lastKnownFileType = file.storyboard; name = Base; path = Base.lproj/Main.storyboard; sourceTree = "<group>"; };
		F4F6458C1AF2E78D0069C2CA /* Images.xcassets */ = {isa = PBXFileReference; lastKnownFileType = folder.assetcatalog; path = Images.xcassets; sourceTree = "<group>"; };
		F4F6458F1AF2E78D0069C2CA /* Base */ = {isa = PBXFileReference; lastKnownFileType = file.xib; name = Base; path = Base.lproj/LaunchScreen.xib; sourceTree = "<group>"; };
		F4F645951AF2E78D0069C2CA /* ImageOverlayTests.xctest */ = {isa = PBXFileReference; explicitFileType = wrapper.cfbundle; includeInIndex = 0; path = ImageOverlayTests.xctest; sourceTree = BUILT_PRODUCTS_DIR; };
		F4F6459A1AF2E78D0069C2CA /* Info.plist */ = {isa = PBXFileReference; lastKnownFileType = text.plist.xml; path = Info.plist; sourceTree = "<group>"; };
		F4F6459B1AF2E78D0069C2CA /* ImageOverlayTests.swift */ = {isa = PBXFileReference; lastKnownFileType = sourcecode.swift; path = ImageOverlayTests.swift; sourceTree = "<group>"; };
		F4F645A51AF2E7E90069C2CA /* One.png */ = {isa = PBXFileReference; lastKnownFileType = image.png; path = One.png; sourceTree = "<group>"; };
		F4F645A61AF2E7E90069C2CA /* someimage.png */ = {isa = PBXFileReference; lastKnownFileType = image.png; path = someimage.png; sourceTree = "<group>"; };
		F4F645A71AF2E7E90069C2CA /* Three.png */ = {isa = PBXFileReference; lastKnownFileType = image.png; path = Three.png; sourceTree = "<group>"; };
		F4F645A81AF2E7E90069C2CA /* Two.png */ = {isa = PBXFileReference; lastKnownFileType = image.png; path = Two.png; sourceTree = "<group>"; };
/* End PBXFileReference section */

/* Begin PBXFrameworksBuildPhase section */
		F4F6457D1AF2E78D0069C2CA /* Frameworks */ = {
			isa = PBXFrameworksBuildPhase;
			buildActionMask = 2147483647;
			files = (
			);
			runOnlyForDeploymentPostprocessing = 0;
		};
		F4F645921AF2E78D0069C2CA /* Frameworks */ = {
			isa = PBXFrameworksBuildPhase;
			buildActionMask = 2147483647;
			files = (
			);
			runOnlyForDeploymentPostprocessing = 0;
		};
/* End PBXFrameworksBuildPhase section */

/* Begin PBXGroup section */
		F4F645771AF2E78D0069C2CA = {
			isa = PBXGroup;
			children = (
				F4F645821AF2E78D0069C2CA /* ImageOverlay */,
				F4F645981AF2E78D0069C2CA /* ImageOverlayTests */,
				F4F645811AF2E78D0069C2CA /* Products */,
			);
			sourceTree = "<group>";
		};
		F4F645811AF2E78D0069C2CA /* Products */ = {
			isa = PBXGroup;
			children = (
				F4F645801AF2E78D0069C2CA /* ImageOverlay.app */,
				F4F645951AF2E78D0069C2CA /* ImageOverlayTests.xctest */,
			);
			name = Products;
			sourceTree = "<group>";
		};
		F4F645821AF2E78D0069C2CA /* ImageOverlay */ = {
			isa = PBXGroup;
			children = (
				F4F645A51AF2E7E90069C2CA /* One.png */,
				F4F645A61AF2E7E90069C2CA /* someimage.png */,
				F4F645A71AF2E7E90069C2CA /* Three.png */,
				F4F645A81AF2E7E90069C2CA /* Two.png */,
				F4F645851AF2E78D0069C2CA /* AppDelegate.swift */,
				F4F645871AF2E78D0069C2CA /* ViewController.swift */,
				F4F645891AF2E78D0069C2CA /* Main.storyboard */,
				F4F6458C1AF2E78D0069C2CA /* Images.xcassets */,
				F4F6458E1AF2E78D0069C2CA /* LaunchScreen.xib */,
				F4F645831AF2E78D0069C2CA /* Supporting Files */,
			);
			path = ImageOverlay;
			sourceTree = "<group>";
		};
		F4F645831AF2E78D0069C2CA /* Supporting Files */ = {
			isa = PBXGroup;
			children = (
				F4F645841AF2E78D0069C2CA /* Info.plist */,
			);
			name = "Supporting Files";
			sourceTree = "<group>";
		};
		F4F645981AF2E78D0069C2CA /* ImageOverlayTests */ = {
			isa = PBXGroup;
			children = (
				F4F6459B1AF2E78D0069C2CA /* ImageOverlayTests.swift */,
				F4F645991AF2E78D0069C2CA /* Supporting Files */,
			);
			path = ImageOverlayTests;
			sourceTree = "<group>";
		};
		F4F645991AF2E78D0069C2CA /* Supporting Files */ = {
			isa = PBXGroup;
			children = (
				F4F6459A1AF2E78D0069C2CA /* Info.plist */,
			);
			name = "Supporting Files";
			sourceTree = "<group>";
		};
/* End PBXGroup section */

/* Begin PBXNativeTarget section */
		F4F6457F1AF2E78D0069C2CA /* ImageOverlay */ = {
			isa = PBXNativeTarget;
			buildConfigurationList = F4F6459F1AF2E78D0069C2CA /* Build configuration list for PBXNativeTarget "ImageOverlay" */;
			buildPhases = (
				F4F6457C1AF2E78D0069C2CA /* Sources */,
				F4F6457D1AF2E78D0069C2CA /* Frameworks */,
				F4F6457E1AF2E78D0069C2CA /* Resources */,
			);
			buildRules = (
			);
			dependencies = (
			);
			name = ImageOverlay;
			productName = ImageOverlay;
			productReference = F4F645801AF2E78D0069C2CA /* ImageOverlay.app */;
			productType = "com.apple.product-type.application";
		};
		F4F645941AF2E78D0069C2CA /* ImageOverlayTests */ = {
			isa = PBXNativeTarget;
			buildConfigurationList = F4F645A21AF2E78D0069C2CA /* Build configuration list for PBXNativeTarget "ImageOverlayTests" */;
			buildPhases = (
				F4F645911AF2E78D0069C2CA /* Sources */,
				F4F645921AF2E78D0069C2CA /* Frameworks */,
				F4F645931AF2E78D0069C2CA /* Resources */,
			);
			buildRules = (
			);
			dependencies = (
				F4F645971AF2E78D0069C2CA /* PBXTargetDependency */,
			);
			name = ImageOverlayTests;
			productName = ImageOverlayTests;
			productReference = F4F645951AF2E78D0069C2CA /* ImageOverlayTests.xctest */;
			productType = "com.apple.product-type.bundle.unit-test";
		};
/* End PBXNativeTarget section */

/* Begin PBXProject section */
		F4F645781AF2E78D0069C2CA /* Project object */ = {
			isa = PBXProject;
			attributes = {
				LastUpgradeCheck = 0630;
				ORGANIZATIONNAME = "Arun Nagarajan";
				TargetAttributes = {
					F4F6457F1AF2E78D0069C2CA = {
						CreatedOnToolsVersion = 6.3;
					};
					F4F645941AF2E78D0069C2CA = {
						CreatedOnToolsVersion = 6.3;
						TestTargetID = F4F6457F1AF2E78D0069C2CA;
					};
				};
			};
			buildConfigurationList = F4F6457B1AF2E78D0069C2CA /* Build configuration list for PBXProject "ImageOverlay" */;
			compatibilityVersion = "Xcode 3.2";
			developmentRegion = English;
			hasScannedForEncodings = 0;
			knownRegions = (
				en,
				Base,
			);
			mainGroup = F4F645771AF2E78D0069C2CA;
			productRefGroup = F4F645811AF2E78D0069C2CA /* Products */;
			projectDirPath = "";
			projectRoot = "";
			targets = (
				F4F6457F1AF2E78D0069C2CA /* ImageOverlay */,
				F4F645941AF2E78D0069C2CA /* ImageOverlayTests */,
			);
		};
/* End PBXProject section */

/* Begin PBXResourcesBuildPhase section */
		F4F6457E1AF2E78D0069C2CA /* Resources */ = {
			isa = PBXResourcesBuildPhase;
			buildActionMask = 2147483647;
			files = (
				F4F645AB1AF2E7E90069C2CA /* Three.png in Resources */,
				F4F645A91AF2E7E90069C2CA /* One.png in Resources */,
				F4F645AC1AF2E7E90069C2CA /* Two.png in Resources */,
				F4F6458B1AF2E78D0069C2CA /* Main.storyboard in Resources */,
				F4F645AA1AF2E7E90069C2CA /* someimage.png in Resources */,
				F4F645901AF2E78D0069C2CA /* LaunchScreen.xib in Resources */,
				F4F6458D1AF2E78D0069C2CA /* Images.xcassets in Resources */,
			);
			runOnlyForDeploymentPostprocessing = 0;
		};
		F4F645931AF2E78D0069C2CA /* Resources */ = {
			isa = PBXResourcesBuildPhase;
			buildActionMask = 2147483647;
			files = (
			);
			runOnlyForDeploymentPostprocessing = 0;
		};
/* End PBXResourcesBuildPhase section */

/* Begin PBXSourcesBuildPhase section */
		F4F6457C1AF2E78D0069C2CA /* Sources */ = {
			isa = PBXSourcesBuildPhase;
			buildActionMask = 2147483647;
			files = (
				F4F645881AF2E78D0069C2CA /* ViewController.swift in Sources */,
				F4F645861AF2E78D0069C2CA /* AppDelegate.swift in Sources */,
			);
			runOnlyForDeploymentPostprocessing = 0;
		};
		F4F645911AF2E78D0069C2CA /* Sources */ = {
			isa = PBXSourcesBuildPhase;
			buildActionMask = 2147483647;
			files = (
				F4F6459C1AF2E78D0069C2CA /* ImageOverlayTests.swift in Sources */,
			);
			runOnlyForDeploymentPostprocessing = 0;
		};
/* End PBXSourcesBuildPhase section */

/* Begin PBXTargetDependency section */
		F4F645971AF2E78D0069C2CA /* PBXTargetDependency */ = {
			isa = PBXTargetDependency;
			target = F4F6457F1AF2E78D0069C2CA /* ImageOverlay */;
			targetProxy = F4F645961AF2E78D0069C2CA /* PBXContainerItemProxy */;
		};
/* End PBXTargetDependency section */

/* Begin PBXVariantGroup section */
		F4F645891AF2E78D0069C2CA /* Main.storyboard */ = {
			isa = PBXVariantGroup;
			children = (
				F4F6458A1AF2E78D0069C2CA /* Base */,
			);
			name = Main.storyboard;
			sourceTree = "<group>";
		};
		F4F6458E1AF2E78D0069C2CA /* LaunchScreen.xib */ = {
			isa = PBXVariantGroup;
			children = (
				F4F6458F1AF2E78D0069C2CA /* Base */,
			);
			name = LaunchScreen.xib;
			sourceTree = "<group>";
		};
/* End PBXVariantGroup section */

/* Begin XCBuildConfiguration section */
		F4F6459D1AF2E78D0069C2CA /* Debug */ = {
			isa = XCBuildConfiguration;
			buildSettings = {
				ALWAYS_SEARCH_USER_PATHS = NO;
				CLANG_CXX_LANGUAGE_STANDARD = "gnu++0x";
				CLANG_CXX_LIBRARY = "libc++";
				CLANG_ENABLE_MODULES = YES;
				CLANG_ENABLE_OBJC_ARC = YES;
				CLANG_WARN_BOOL_CONVERSION = YES;
				CLANG_WARN_CONSTANT_CONVERSION = YES;
				CLANG_WARN_DIRECT_OBJC_ISA_USAGE = YES_ERROR;
				CLANG_WARN_EMPTY_BODY = YES;
				CLANG_WARN_ENUM_CONVERSION = YES;
				CLANG_WARN_INT_CONVERSION = YES;
				CLANG_WARN_OBJC_ROOT_CLASS = YES_ERROR;
				CLANG_WARN_UNREACHABLE_CODE = YES;
				CLANG_WARN__DUPLICATE_METHOD_MATCH = YES;
				"CODE_SIGN_IDENTITY[sdk=iphoneos*]" = "iPhone Developer";
				COPY_PHASE_STRIP = NO;
				DEBUG_INFORMATION_FORMAT = "dwarf-with-dsym";
				ENABLE_STRICT_OBJC_MSGSEND = YES;
				GCC_C_LANGUAGE_STANDARD = gnu99;
				GCC_DYNAMIC_NO_PIC = NO;
				GCC_NO_COMMON_BLOCKS = YES;
				GCC_OPTIMIZATION_LEVEL = 0;
				GCC_PREPROCESSOR_DEFINITIONS = (
					"DEBUG=1",
					"$(inherited)",
				);
				GCC_SYMBOLS_PRIVATE_EXTERN = NO;
				GCC_WARN_64_TO_32_BIT_CONVERSION = YES;
				GCC_WARN_ABOUT_RETURN_TYPE = YES_ERROR;
				GCC_WARN_UNDECLARED_SELECTOR = YES;
				GCC_WARN_UNINITIALIZED_AUTOS = YES_AGGRESSIVE;
				GCC_WARN_UNUSED_FUNCTION = YES;
				GCC_WARN_UNUSED_VARIABLE = YES;
				IPHONEOS_DEPLOYMENT_TARGET = 8.3;
				MTL_ENABLE_DEBUG_INFO = YES;
				ONLY_ACTIVE_ARCH = YES;
				SDKROOT = iphoneos;
				SWIFT_OPTIMIZATION_LEVEL = "-Onone";
				TARGETED_DEVICE_FAMILY = "1,2";
			};
			name = Debug;
		};
		F4F6459E1AF2E78D0069C2CA /* Release */ = {
			isa = XCBuildConfiguration;
			buildSettings = {
				ALWAYS_SEARCH_USER_PATHS = NO;
				CLANG_CXX_LANGUAGE_STANDARD = "gnu++0x";
				CLANG_CXX_LIBRARY = "libc++";
				CLANG_ENABLE_MODULES = YES;
				CLANG_ENABLE_OBJC_ARC = YES;
				CLANG_WARN_BOOL_CONVERSION = YES;
				CLANG_WARN_CONSTANT_CONVERSION = YES;
				CLANG_WARN_DIRECT_OBJC_ISA_USAGE = YES_ERROR;
				CLANG_WARN_EMPTY_BODY = YES;
				CLANG_WARN_ENUM_CONVERSION = YES;
				CLANG_WARN_INT_CONVERSION = YES;
				CLANG_WARN_OBJC_ROOT_CLASS = YES_ERROR;
				CLANG_WARN_UNREACHABLE_CODE = YES;
				CLANG_WARN__DUPLICATE_METHOD_MATCH = YES;
				"CODE_SIGN_IDENTITY[sdk=iphoneos*]" = "iPhone Developer";
				COPY_PHASE_STRIP = NO;
				DEBUG_INFORMATION_FORMAT = "dwarf-with-dsym";
				ENABLE_NS_ASSERTIONS = NO;
				ENABLE_STRICT_OBJC_MSGSEND = YES;
				GCC_C_LANGUAGE_STANDARD = gnu99;
				GCC_NO_COMMON_BLOCKS = YES;
				GCC_WARN_64_TO_32_BIT_CONVERSION = YES;
				GCC_WARN_ABOUT_RETURN_TYPE = YES_ERROR;
				GCC_WARN_UNDECLARED_SELECTOR = YES;
				GCC_WARN_UNINITIALIZED_AUTOS = YES_AGGRESSIVE;
				GCC_WARN_UNUSED_FUNCTION = YES;
				GCC_WARN_UNUSED_VARIABLE = YES;
				IPHONEOS_DEPLOYMENT_TARGET = 8.3;
				MTL_ENABLE_DEBUG_INFO = NO;
				SDKROOT = iphoneos;
				TARGETED_DEVICE_FAMILY = "1,2";
				VALIDATE_PRODUCT = YES;
			};
			name = Release;
		};
		F4F645A01AF2E78D0069C2CA /* Debug */ = {
			isa = XCBuildConfiguration;
			buildSettings = {
				ASSETCATALOG_COMPILER_APPICON_NAME = AppIcon;
				INFOPLIST_FILE = ImageOverlay/Info.plist;
				LD_RUNPATH_SEARCH_PATHS = "$(inherited) @executable_path/Frameworks";
				PRODUCT_NAME = "$(TARGET_NAME)";
			};
			name = Debug;
		};
		F4F645A11AF2E78D0069C2CA /* Release */ = {
			isa = XCBuildConfiguration;
			buildSettings = {
				ASSETCATALOG_COMPILER_APPICON_NAME = AppIcon;
				INFOPLIST_FILE = ImageOverlay/Info.plist;
				LD_RUNPATH_SEARCH_PATHS = "$(inherited) @executable_path/Frameworks";
				PRODUCT_NAME = "$(TARGET_NAME)";
			};
			name = Release;
		};
		F4F645A31AF2E78D0069C2CA /* Debug */ = {
			isa = XCBuildConfiguration;
			buildSettings = {
				BUNDLE_LOADER = "$(TEST_HOST)";
				FRAMEWORK_SEARCH_PATHS = (
					"$(SDKROOT)/Developer/Library/Frameworks",
					"$(inherited)",
				);
				GCC_PREPROCESSOR_DEFINITIONS = (
					"DEBUG=1",
					"$(inherited)",
				);
				INFOPLIST_FILE = ImageOverlayTests/Info.plist;
				LD_RUNPATH_SEARCH_PATHS = "$(inherited) @executable_path/Frameworks @loader_path/Frameworks";
				PRODUCT_NAME = "$(TARGET_NAME)";
				TEST_HOST = "$(BUILT_PRODUCTS_DIR)/ImageOverlay.app/ImageOverlay";
			};
			name = Debug;
		};
		F4F645A41AF2E78D0069C2CA /* Release */ = {
			isa = XCBuildConfiguration;
			buildSettings = {
				BUNDLE_LOADER = "$(TEST_HOST)";
				FRAMEWORK_SEARCH_PATHS = (
					"$(SDKROOT)/Developer/Library/Frameworks",
					"$(inherited)",
				);
				INFOPLIST_FILE = ImageOverlayTests/Info.plist;
				LD_RUNPATH_SEARCH_PATHS = "$(inherited) @executable_path/Frameworks @loader_path/Frameworks";
				PRODUCT_NAME = "$(TARGET_NAME)";
				TEST_HOST = "$(BUILT_PRODUCTS_DIR)/ImageOverlay.app/ImageOverlay";
			};
			name = Release;
		};
/* End XCBuildConfiguration section */

/* Begin XCConfigurationList section */
		F4F6457B1AF2E78D0069C2CA /* Build configuration list for PBXProject "ImageOverlay" */ = {
			isa = XCConfigurationList;
			buildConfigurations = (
				F4F6459D1AF2E78D0069C2CA /* Debug */,
				F4F6459E1AF2E78D0069C2CA /* Release */,
			);
			defaultConfigurationIsVisible = 0;
			defaultConfigurationName = Release;
		};
		F4F6459F1AF2E78D0069C2CA /* Build configuration list for PBXNativeTarget "ImageOverlay" */ = {
			isa = XCConfigurationList;
			buildConfigurations = (
				F4F645A01AF2E78D0069C2CA /* Debug */,
				F4F645A11AF2E78D0069C2CA /* Release */,
			);
			defaultConfigurationIsVisible = 0;
		};
		F4F645A21AF2E78D0069C2CA /* Build configuration list for PBXNativeTarget "ImageOverlayTests" */ = {
			isa = XCConfigurationList;
			buildConfigurations = (
				F4F645A31AF2E78D0069C2CA /* Debug */,
				F4F645A41AF2E78D0069C2CA /* Release */,
			);
			defaultConfigurationIsVisible = 0;
		};
/* End XCConfigurationList section */
	};
	rootObject = F4F645781AF2E78D0069C2CA /* Project object */;
}
